// !$*UTF8*$!
{
	archiveVersion = 1;
	classes = {
	};
	objectVersion = 55;
	objects = {

/* Begin PBXBuildFile section */
		06004E2B2AC538B500947F5D /* KeyBoardDismissingBackground.swift in Sources */ = {isa = PBXBuildFile; fileRef = 06004E2A2AC538B500947F5D /* KeyBoardDismissingBackground.swift */; };
		06004E302AC5485800947F5D /* UnitsList.swift in Sources */ = {isa = PBXBuildFile; fileRef = 06004E2F2AC5485800947F5D /* UnitsList.swift */; };
		06004E372AC5488600947F5D /* EditList.swift in Sources */ = {isa = PBXBuildFile; fileRef = 06004E362AC5488600947F5D /* EditList.swift */; };
		06004E392AC5488D00947F5D /* DeleteList.swift in Sources */ = {isa = PBXBuildFile; fileRef = 06004E382AC5488D00947F5D /* DeleteList.swift */; };
		06004E3B2AC5489700947F5D /* SelectList.swift in Sources */ = {isa = PBXBuildFile; fileRef = 06004E3A2AC5489700947F5D /* SelectList.swift */; };
		06004E3F2AC555C800947F5D /* StudySetView.swift in Sources */ = {isa = PBXBuildFile; fileRef = 06004E3E2AC555C800947F5D /* StudySetView.swift */; };
		06004E412AC55C5700947F5D /* StudyModals.swift in Sources */ = {isa = PBXBuildFile; fileRef = 06004E402AC55C5700947F5D /* StudyModals.swift */; };
		06004E442AC5A62400947F5D /* ToolbarItems.swift in Sources */ = {isa = PBXBuildFile; fileRef = 06004E432AC5A62400947F5D /* ToolbarItems.swift */; };
		060703EF2ACFFB510078489C /* UtilClient.swift in Sources */ = {isa = PBXBuildFile; fileRef = 060703EE2ACFFB510078489C /* UtilClient.swift */; };
		060703F22AD0E7CA0078489C /* ComposableArchitecture in Frameworks */ = {isa = PBXBuildFile; productRef = 060703F12AD0E7CA0078489C /* ComposableArchitecture */; };
		060703F72ADA8CA40078489C /* StudyUnit.swift in Sources */ = {isa = PBXBuildFile; fileRef = 060703F62ADA8CA40078489C /* StudyUnit.swift */; };
		060703F92ADA8CE70078489C /* StudySet.swift in Sources */ = {isa = PBXBuildFile; fileRef = 060703F82ADA8CE70078489C /* StudySet.swift */; };
		060703FB2ADAC9EB0078489C /* AddUnitTest.swift in Sources */ = {isa = PBXBuildFile; fileRef = 060703FA2ADAC9EB0078489C /* AddUnitTest.swift */; };
		061C9E812A19CF8200E099B5 /* StudySetPicker.swift in Sources */ = {isa = PBXBuildFile; fileRef = 061C9E802A19CF8200E099B5 /* StudySetPicker.swift */; };
		061D99392ACD64EF00C08E17 /* HomeListTest.swift in Sources */ = {isa = PBXBuildFile; fileRef = 061D99382ACD64EF00C08E17 /* HomeListTest.swift */; };
		061D993C2ACE599D00C08E17 /* FlexBox.swift in Sources */ = {isa = PBXBuildFile; fileRef = 061D993B2ACE599600C08E17 /* FlexBox.swift */; };
		061D993E2ACE59AA00C08E17 /* RectangleButton.swift in Sources */ = {isa = PBXBuildFile; fileRef = 061D993D2ACE59AA00C08E17 /* RectangleButton.swift */; };
		061D99402ACE59BC00C08E17 /* OCRResultView.swift in Sources */ = {isa = PBXBuildFile; fileRef = 061D993F2ACE59BC00C08E17 /* OCRResultView.swift */; };
		061D99422ACE59C600C08E17 /* CameraScanner.swift in Sources */ = {isa = PBXBuildFile; fileRef = 061D99412ACE59C600C08E17 /* CameraScanner.swift */; };
		061D99442ACE59CE00C08E17 /* ScanGuide.swift in Sources */ = {isa = PBXBuildFile; fileRef = 061D99432ACE59CE00C08E17 /* ScanGuide.swift */; };
		061D99462ACE59D400C08E17 /* GetImageForOCRView.swift in Sources */ = {isa = PBXBuildFile; fileRef = 061D99452ACE59D400C08E17 /* GetImageForOCRView.swift */; };
		061D99482ACE59DD00C08E17 /* OCRAddUnitView.swift in Sources */ = {isa = PBXBuildFile; fileRef = 061D99472ACE59DD00C08E17 /* OCRAddUnitView.swift */; };
		061D994A2ACE59E900C08E17 /* OCRView.swift in Sources */ = {isa = PBXBuildFile; fileRef = 061D99492ACE59E900C08E17 /* OCRView.swift */; };
		0622727829FCFAD700EEAD50 /* HuriganaConverter.swift in Sources */ = {isa = PBXBuildFile; fileRef = 0622727729FCFAD700EEAD50 /* HuriganaConverter.swift */; };
		0622727A29FCFC2600EEAD50 /* Character+Extension.swift in Sources */ = {isa = PBXBuildFile; fileRef = 0622727929FCFC2600EEAD50 /* Character+Extension.swift */; };
		06308A5C29FE0D4700BDEE2D /* HuriganaText.swift in Sources */ = {isa = PBXBuildFile; fileRef = 06308A5B29FE0D4700BDEE2D /* HuriganaText.swift */; };
		06308A6229FE2E2B00BDEE2D /* EditableHuriganaText.swift in Sources */ = {isa = PBXBuildFile; fileRef = 06308A6129FE2E2B00BDEE2D /* EditableHuriganaText.swift */; };
		06308A6629FE2ED500BDEE2D /* Huri.swift in Sources */ = {isa = PBXBuildFile; fileRef = 06308A6529FE2ED500BDEE2D /* Huri.swift */; };
		06308A6829FE315800BDEE2D /* EditableHuriUnit.swift in Sources */ = {isa = PBXBuildFile; fileRef = 06308A6729FE315800BDEE2D /* EditableHuriUnit.swift */; };
		06308A712A048EFD00BDEE2D /* StudyUnit.swift in Sources */ = {isa = PBXBuildFile; fileRef = 06308A702A048EFD00BDEE2D /* StudyUnit.swift */; };
		06308A732A04902A00BDEE2D /* StudySet.swift in Sources */ = {isa = PBXBuildFile; fileRef = 06308A722A04902A00BDEE2D /* StudySet.swift */; };
		0641C1BA2ADB875800C6EA05 /* EditUnitTest.swift in Sources */ = {isa = PBXBuildFile; fileRef = 0641C1B92ADB875800C6EA05 /* EditUnitTest.swift */; };
		0641C1BC2ADB97FB00C6EA05 /* InputUnitTest.swift in Sources */ = {isa = PBXBuildFile; fileRef = 0641C1BB2ADB97FB00C6EA05 /* InputUnitTest.swift */; };
		0647529F29B45AB90047E84A /* GoogleService-Info.plist in Resources */ = {isa = PBXBuildFile; fileRef = 0647529E29B45AB90047E84A /* GoogleService-Info.plist */; };
		06496B0B2AA311140061DCA9 /* OCRClient.swift in Sources */ = {isa = PBXBuildFile; fileRef = 06496B0A2AA311140061DCA9 /* OCRClient.swift */; };
		064BA4432AC2558700288749 /* InputUnit.swift in Sources */ = {isa = PBXBuildFile; fileRef = 064BA4422AC2558700288749 /* InputUnit.swift */; };
		064BA4462AC256E400288749 /* KanjiInput.swift in Sources */ = {isa = PBXBuildFile; fileRef = 064BA4452AC256E400288749 /* KanjiInput.swift */; };
		064BA4482AC2CC0B00288749 /* MeaningInput.swift in Sources */ = {isa = PBXBuildFile; fileRef = 064BA4472AC2CC0B00288749 /* MeaningInput.swift */; };
		064BA44D2AC2D00200288749 /* InputFieldTitle.swift in Sources */ = {isa = PBXBuildFile; fileRef = 064BA44C2AC2D00200288749 /* InputFieldTitle.swift */; };
		064BA44F2AC2D14200288749 /* InputFieldTextEditor.swift in Sources */ = {isa = PBXBuildFile; fileRef = 064BA44E2AC2D14200288749 /* InputFieldTextEditor.swift */; };
		064BA4542AC39BA600288749 /* ButtonStyle.swift in Sources */ = {isa = PBXBuildFile; fileRef = 064BA4532AC39BA600288749 /* ButtonStyle.swift */; };
		064BA4562AC3A50D00288749 /* AddUnit.swift in Sources */ = {isa = PBXBuildFile; fileRef = 064BA4552AC3A50D00288749 /* AddUnit.swift */; };
		064BA4582AC3B93C00288749 /* EditUnit.swift in Sources */ = {isa = PBXBuildFile; fileRef = 064BA4572AC3B93C00288749 /* EditUnit.swift */; };
		06581A9D2ACBF351007914A3 /* Inputs.swift in Sources */ = {isa = PBXBuildFile; fileRef = 06581A9C2ACBF351007914A3 /* Inputs.swift */; };
		06581A9F2ACBF7E2007914A3 /* StudyUnitClient.swift in Sources */ = {isa = PBXBuildFile; fileRef = 06581A9E2ACBF7E2007914A3 /* StudyUnitClient.swift */; };
		06581AA12ACC0069007914A3 /* KanjiClient.swift in Sources */ = {isa = PBXBuildFile; fileRef = 06581AA02ACC0069007914A3 /* KanjiClient.swift */; };
		06581AA32ACC2FA0007914A3 /* KeyValueStoreService.swift in Sources */ = {isa = PBXBuildFile; fileRef = 06581AA22ACC2FA0007914A3 /* KeyValueStoreService.swift */; };
		06581AA52ACC3E11007914A3 /* OCRService.swift in Sources */ = {isa = PBXBuildFile; fileRef = 06581AA42ACC3E11007914A3 /* OCRService.swift */; };
		06581AA72ACC433D007914A3 /* KanjiWikiService.swift in Sources */ = {isa = PBXBuildFile; fileRef = 06581AA62ACC433D007914A3 /* KanjiWikiService.swift */; };
		06581AA92ACCEEBD007914A3 /* MainTabTest.swift in Sources */ = {isa = PBXBuildFile; fileRef = 06581AA82ACCEEBD007914A3 /* MainTabTest.swift */; };
		06581AAC2ACCFCF6007914A3 /* AddSet.swift in Sources */ = {isa = PBXBuildFile; fileRef = 06581AAB2ACCFCF6007914A3 /* AddSet.swift */; };
		06581AAE2ACCFCFD007914A3 /* EditSet.swift in Sources */ = {isa = PBXBuildFile; fileRef = 06581AAD2ACCFCFD007914A3 /* EditSet.swift */; };
		06581AB12ACCFD29007914A3 /* InputSet.swift in Sources */ = {isa = PBXBuildFile; fileRef = 06581AB02ACCFD29007914A3 /* InputSet.swift */; };
		06581AB42ACCFDAD007914A3 /* InputSetTitle.swift in Sources */ = {isa = PBXBuildFile; fileRef = 06581AB32ACCFDAD007914A3 /* InputSetTitle.swift */; };
		06581AB62ACCFDB6007914A3 /* InputSetTextField.swift in Sources */ = {isa = PBXBuildFile; fileRef = 06581AB52ACCFDB6007914A3 /* InputSetTextField.swift */; };
		065FD2672ACE9FDE00A2ABCE /* TodayListTest.swift in Sources */ = {isa = PBXBuildFile; fileRef = 065FD2662ACE9FDE00A2ABCE /* TodayListTest.swift */; };
		067840F629C595EF0019ABA8 /* PasteBoardService.swift in Sources */ = {isa = PBXBuildFile; fileRef = 067840F529C595EF0019ABA8 /* PasteBoardService.swift */; };
		0688A1D429B3345E0057B2DB /* String+Extension.swift in Sources */ = {isa = PBXBuildFile; fileRef = 0688A1D329B3345E0057B2DB /* String+Extension.swift */; };
		068D4CFC28B2189300F44F6E /* UnitMoveView.swift in Sources */ = {isa = PBXBuildFile; fileRef = 068D4CFB28B2189300F44F6E /* UnitMoveView.swift */; };
		0690F8742AAC987300E5FF05 /* PercentageChart.swift in Sources */ = {isa = PBXBuildFile; fileRef = 0690F8732AAC987300E5FF05 /* PercentageChart.swift */; };
		0690F8762AAC9EE200E5FF05 /* TodayStatusView.swift in Sources */ = {isa = PBXBuildFile; fileRef = 0690F8752AAC9EE200E5FF05 /* TodayStatusView.swift */; };
		0697715F28CF030D00569280 /* Random.swift in Sources */ = {isa = PBXBuildFile; fileRef = 0697715E28CF030C00569280 /* Random.swift */; };
		069941852A99EFFC00B5D769 /* DeleteCell.swift in Sources */ = {isa = PBXBuildFile; fileRef = 069941842A99EFFC00B5D769 /* DeleteCell.swift */; };
		069941872A9A066B00B5D769 /* Array+Extension.swift in Sources */ = {isa = PBXBuildFile; fileRef = 069941862A9A066B00B5D769 /* Array+Extension.swift */; };
		06B2DA3E29EA6A0B009C67EF /* SettingSideBar.swift in Sources */ = {isa = PBXBuildFile; fileRef = 06B2DA3D29EA6A0B009C67EF /* SettingSideBar.swift */; };
		06BC608A29A0928600AA67E6 /* View+Extension.swift in Sources */ = {isa = PBXBuildFile; fileRef = 06BC608929A0928600AA67E6 /* View+Extension.swift */; };
		06BC608C29A09FC000AA67E6 /* ViewModifier.swift in Sources */ = {isa = PBXBuildFile; fileRef = 06BC608B29A09FC000AA67E6 /* ViewModifier.swift */; };
		06C992E72AC675F10062F9FB /* AllLists.swift in Sources */ = {isa = PBXBuildFile; fileRef = 06C992E62AC675F10062F9FB /* AllLists.swift */; };
		06C992EC2AC9233D0062F9FB /* StudyUnitsView.swift in Sources */ = {isa = PBXBuildFile; fileRef = 06C992EB2AC9233D0062F9FB /* StudyUnitsView.swift */; };
		06C992EE2ACAAFD90062F9FB /* StudyKanjiSampleView.swift in Sources */ = {isa = PBXBuildFile; fileRef = 06C992ED2ACAAFD90062F9FB /* StudyKanjiSampleView.swift */; };
		06C992F22ACABF4C0062F9FB /* InputImageType.swift in Sources */ = {isa = PBXBuildFile; fileRef = 06C992F12ACABF4C0062F9FB /* InputImageType.swift */; };
		06CEAC522AB6B71B007783F6 /* GoogleMobileAds in Frameworks */ = {isa = PBXBuildFile; platformFilter = ios; productRef = 06CEAC512AB6B71B007783F6 /* GoogleMobileAds */; };
		06CEAC552AB6BB96007783F6 /* BannerAdView.swift in Sources */ = {isa = PBXBuildFile; fileRef = 06CEAC542AB6BB96007783F6 /* BannerAdView.swift */; };
		06CEF2472866F1C800A620CC /* JWordsApp.swift in Sources */ = {isa = PBXBuildFile; fileRef = 06CEF2462866F1C800A620CC /* JWordsApp.swift */; };
		06CEF24B2866F1CB00A620CC /* Assets.xcassets in Resources */ = {isa = PBXBuildFile; fileRef = 06CEF24A2866F1CB00A620CC /* Assets.xcassets */; };
		06CEF24E2866F1CB00A620CC /* Preview Assets.xcassets in Resources */ = {isa = PBXBuildFile; fileRef = 06CEF24D2866F1CB00A620CC /* Preview Assets.xcassets */; };
		06CEF2632866F1CB00A620CC /* JWordsUITests.swift in Sources */ = {isa = PBXBuildFile; fileRef = 06CEF2622866F1CB00A620CC /* JWordsUITests.swift */; };
		06CEF2652866F1CB00A620CC /* JWordsUITestsLaunchTests.swift in Sources */ = {isa = PBXBuildFile; fileRef = 06CEF2642866F1CB00A620CC /* JWordsUITestsLaunchTests.swift */; };
		06CEF2782866F32700A620CC /* JWordsAcceptanceTests.swift in Sources */ = {isa = PBXBuildFile; fileRef = 06CEF2772866F32700A620CC /* JWordsAcceptanceTests.swift */; };
		06D0B12D2ACAF2BB00169129 /* CoreDataService.swift in Sources */ = {isa = PBXBuildFile; fileRef = 06D0B12C2ACAF2BB00169129 /* CoreDataService.swift */; };
		06E917542A07168F002289B4 /* StudySetClient.swift in Sources */ = {isa = PBXBuildFile; fileRef = 06E917532A07168F002289B4 /* StudySetClient.swift */; };
		06E917572A071711002289B4 /* jwords.xcdatamodeld in Sources */ = {isa = PBXBuildFile; fileRef = 06E917552A071711002289B4 /* jwords.xcdatamodeld */; };
		5A5C468828D98894000E212B /* Calendar+Extension.swift in Sources */ = {isa = PBXBuildFile; fileRef = 5A5C468728D98894000E212B /* Calendar+Extension.swift */; };
		5A5FF632286AD79E000150A7 /* ImageCompressor.swift in Sources */ = {isa = PBXBuildFile; fileRef = 5A5FF631286AD79E000150A7 /* ImageCompressor.swift */; };
		5A653FEB2907C1C800E3466E /* TodaySchedule.swift in Sources */ = {isa = PBXBuildFile; fileRef = 5A653FEA2907C1C800E3466E /* TodaySchedule.swift */; };
		5A67DC20286942FE00AC156C /* HomeView.swift in Sources */ = {isa = PBXBuildFile; fileRef = 5A67DC1F286942FE00AC156C /* HomeView.swift */; };
		5A67DC23286943A900AC156C /* HomeCell.swift in Sources */ = {isa = PBXBuildFile; fileRef = 5A67DC22286943A800AC156C /* HomeCell.swift */; };
		5A67DC27286944FF00AC156C /* Size.swift in Sources */ = {isa = PBXBuildFile; fileRef = 5A67DC26286944FF00AC156C /* Size.swift */; };
		5A67DC2D2869470C00AC156C /* StudyCell.swift in Sources */ = {isa = PBXBuildFile; fileRef = 5A67DC2C2869470C00AC156C /* StudyCell.swift */; };
		5A67DC312869529700AC156C /* MacAppView.swift in Sources */ = {isa = PBXBuildFile; fileRef = 5A67DC302869529700AC156C /* MacAppView.swift */; };
		5A735AF628D8071D00CADF9B /* TodayView.swift in Sources */ = {isa = PBXBuildFile; fileRef = 5A735AF528D8071D00CADF9B /* TodayView.swift */; };
		5A735AFF28D80EAE00CADF9B /* MainTabView.swift in Sources */ = {isa = PBXBuildFile; fileRef = 5A735AFE28D80EAE00CADF9B /* MainTabView.swift */; };
		5A77B98D29EF8C6A00EA7B41 /* EditCell.swift in Sources */ = {isa = PBXBuildFile; fileRef = 5A77B98C29EF8C6A00EA7B41 /* EditCell.swift */; };
		5A77B98F29EFA99000EA7B41 /* BaseCell.swift in Sources */ = {isa = PBXBuildFile; fileRef = 5A77B98E29EFA99000EA7B41 /* BaseCell.swift */; };
		5A7B920129F10C0500ED3CAA /* SelectionCell.swift in Sources */ = {isa = PBXBuildFile; fileRef = 5A7B920029F10C0500ED3CAA /* SelectionCell.swift */; };
		5A7C6FD929FB6D1700DD84A4 /* PasteBoardClient.swift in Sources */ = {isa = PBXBuildFile; fileRef = 5A7C6FD829FB6D1700DD84A4 /* PasteBoardClient.swift */; };
		5A8614D82A1C627300000653 /* CKImageService.swift in Sources */ = {isa = PBXBuildFile; fileRef = 5A8614D72A1C627300000653 /* CKImageService.swift */; };
		5A8843C12A11BBB40027B408 /* KanjiList.swift in Sources */ = {isa = PBXBuildFile; fileRef = 5A8843C02A11BBB40027B408 /* KanjiList.swift */; };
		5A8843C32A11BBDF0027B408 /* Kanji.swift in Sources */ = {isa = PBXBuildFile; fileRef = 5A8843C22A11BBDF0027B408 /* Kanji.swift */; };
		5A8843C52A11CA630027B408 /* KanjiCell.swift in Sources */ = {isa = PBXBuildFile; fileRef = 5A8843C42A11CA630027B408 /* KanjiCell.swift */; };
		5AA9097B2A83237B0075AFB9 /* ScheduleClient.swift in Sources */ = {isa = PBXBuildFile; fileRef = 5AA9097A2A83237A0075AFB9 /* ScheduleClient.swift */; };
		5AAB886628D84DBB000B46CA /* TodaySelectionModal.swift in Sources */ = {isa = PBXBuildFile; fileRef = 5AAB886528D84DBB000B46CA /* TodaySelectionModal.swift */; };
		5AB308382ABBDEE0002EAC3E /* TutorialList.swift in Sources */ = {isa = PBXBuildFile; fileRef = 5AB308372ABBDEE0002EAC3E /* TutorialList.swift */; };
		5ABE51092AA7127C0052A551 /* kanjiList.json in Resources */ = {isa = PBXBuildFile; fileRef = 5ABE51082AA7127C0052A551 /* kanjiList.json */; };
		5AC78AA02ABBEA3200E39A71 /* TutorialPageView.swift in Sources */ = {isa = PBXBuildFile; fileRef = 5AC78A9F2ABBEA3200E39A71 /* TutorialPageView.swift */; };
		5AC78AA32ABC0CA500E39A71 /* Tutorial.swift in Sources */ = {isa = PBXBuildFile; fileRef = 5AC78AA22ABC0CA500E39A71 /* Tutorial.swift */; };
		5AE1DB1F28C5E46B006DB89C /* Error.swift in Sources */ = {isa = PBXBuildFile; fileRef = 5AE1DB1E28C5E46B006DB89C /* Error.swift */; };
		5AE7A76D28D981D9005E12B6 /* Date+Extension.swift in Sources */ = {isa = PBXBuildFile; fileRef = 5AE7A76C28D981D9005E12B6 /* Date+Extension.swift */; };
/* End PBXBuildFile section */

/* Begin PBXBuildRule section */
		5A61C9DC2872A68300689E01 /* PBXBuildRule */ = {
			isa = PBXBuildRule;
			compilerSpec = com.apple.compilers.proxy.script;
			fileType = folder.iconset;
			inputFiles = (
			);
			isEditable = 1;
			outputFiles = (
			);
			script = "# iconutil\n";
		};
/* End PBXBuildRule section */

/* Begin PBXContainerItemProxy section */
		06CEF2552866F1CB00A620CC /* PBXContainerItemProxy */ = {
			isa = PBXContainerItemProxy;
			containerPortal = 06CEF23B2866F1C800A620CC /* Project object */;
			proxyType = 1;
			remoteGlobalIDString = 06CEF2422866F1C800A620CC;
			remoteInfo = JWords;
		};
		06CEF25F2866F1CB00A620CC /* PBXContainerItemProxy */ = {
			isa = PBXContainerItemProxy;
			containerPortal = 06CEF23B2866F1C800A620CC /* Project object */;
			proxyType = 1;
			remoteGlobalIDString = 06CEF2422866F1C800A620CC;
			remoteInfo = JWords;
		};
		06CEF2792866F32700A620CC /* PBXContainerItemProxy */ = {
			isa = PBXContainerItemProxy;
			containerPortal = 06CEF23B2866F1C800A620CC /* Project object */;
			proxyType = 1;
			remoteGlobalIDString = 06CEF2422866F1C800A620CC;
			remoteInfo = JWords;
		};
/* End PBXContainerItemProxy section */

/* Begin PBXFileReference section */
		06004E2A2AC538B500947F5D /* KeyBoardDismissingBackground.swift */ = {isa = PBXFileReference; lastKnownFileType = sourcecode.swift; path = KeyBoardDismissingBackground.swift; sourceTree = "<group>"; };
		06004E2F2AC5485800947F5D /* UnitsList.swift */ = {isa = PBXFileReference; lastKnownFileType = sourcecode.swift; path = UnitsList.swift; sourceTree = "<group>"; };
		06004E362AC5488600947F5D /* EditList.swift */ = {isa = PBXFileReference; lastKnownFileType = sourcecode.swift; path = EditList.swift; sourceTree = "<group>"; };
		06004E382AC5488D00947F5D /* DeleteList.swift */ = {isa = PBXFileReference; lastKnownFileType = sourcecode.swift; path = DeleteList.swift; sourceTree = "<group>"; };
		06004E3A2AC5489700947F5D /* SelectList.swift */ = {isa = PBXFileReference; lastKnownFileType = sourcecode.swift; path = SelectList.swift; sourceTree = "<group>"; };
		06004E3E2AC555C800947F5D /* StudySetView.swift */ = {isa = PBXFileReference; lastKnownFileType = sourcecode.swift; path = StudySetView.swift; sourceTree = "<group>"; };
		06004E402AC55C5700947F5D /* StudyModals.swift */ = {isa = PBXFileReference; lastKnownFileType = sourcecode.swift; path = StudyModals.swift; sourceTree = "<group>"; };
		06004E432AC5A62400947F5D /* ToolbarItems.swift */ = {isa = PBXFileReference; lastKnownFileType = sourcecode.swift; path = ToolbarItems.swift; sourceTree = "<group>"; };
		060703EE2ACFFB510078489C /* UtilClient.swift */ = {isa = PBXFileReference; lastKnownFileType = sourcecode.swift; path = UtilClient.swift; sourceTree = "<group>"; };
		060703F62ADA8CA40078489C /* StudyUnit.swift */ = {isa = PBXFileReference; lastKnownFileType = sourcecode.swift; path = StudyUnit.swift; sourceTree = "<group>"; };
		060703F82ADA8CE70078489C /* StudySet.swift */ = {isa = PBXFileReference; lastKnownFileType = sourcecode.swift; path = StudySet.swift; sourceTree = "<group>"; };
		060703FA2ADAC9EB0078489C /* AddUnitTest.swift */ = {isa = PBXFileReference; lastKnownFileType = sourcecode.swift; path = AddUnitTest.swift; sourceTree = "<group>"; };
		061C9E802A19CF8200E099B5 /* StudySetPicker.swift */ = {isa = PBXFileReference; lastKnownFileType = sourcecode.swift; name = StudySetPicker.swift; path = JWords/macView/Components/StudySetPicker.swift; sourceTree = SOURCE_ROOT; };
		061D99382ACD64EF00C08E17 /* HomeListTest.swift */ = {isa = PBXFileReference; lastKnownFileType = sourcecode.swift; path = HomeListTest.swift; sourceTree = "<group>"; };
		061D993B2ACE599600C08E17 /* FlexBox.swift */ = {isa = PBXFileReference; fileEncoding = 4; lastKnownFileType = sourcecode.swift; path = FlexBox.swift; sourceTree = "<group>"; };
		061D993D2ACE59AA00C08E17 /* RectangleButton.swift */ = {isa = PBXFileReference; fileEncoding = 4; lastKnownFileType = sourcecode.swift; path = RectangleButton.swift; sourceTree = "<group>"; };
		061D993F2ACE59BC00C08E17 /* OCRResultView.swift */ = {isa = PBXFileReference; fileEncoding = 4; lastKnownFileType = sourcecode.swift; path = OCRResultView.swift; sourceTree = "<group>"; };
		061D99412ACE59C600C08E17 /* CameraScanner.swift */ = {isa = PBXFileReference; fileEncoding = 4; lastKnownFileType = sourcecode.swift; path = CameraScanner.swift; sourceTree = "<group>"; };
		061D99432ACE59CE00C08E17 /* ScanGuide.swift */ = {isa = PBXFileReference; fileEncoding = 4; lastKnownFileType = sourcecode.swift; path = ScanGuide.swift; sourceTree = "<group>"; };
		061D99452ACE59D400C08E17 /* GetImageForOCRView.swift */ = {isa = PBXFileReference; fileEncoding = 4; lastKnownFileType = sourcecode.swift; path = GetImageForOCRView.swift; sourceTree = "<group>"; };
		061D99472ACE59DD00C08E17 /* OCRAddUnitView.swift */ = {isa = PBXFileReference; fileEncoding = 4; lastKnownFileType = sourcecode.swift; path = OCRAddUnitView.swift; sourceTree = "<group>"; };
		061D99492ACE59E900C08E17 /* OCRView.swift */ = {isa = PBXFileReference; fileEncoding = 4; lastKnownFileType = sourcecode.swift; path = OCRView.swift; sourceTree = "<group>"; };
		0622727729FCFAD700EEAD50 /* HuriganaConverter.swift */ = {isa = PBXFileReference; lastKnownFileType = sourcecode.swift; path = HuriganaConverter.swift; sourceTree = "<group>"; };
		0622727929FCFC2600EEAD50 /* Character+Extension.swift */ = {isa = PBXFileReference; lastKnownFileType = sourcecode.swift; path = "Character+Extension.swift"; sourceTree = "<group>"; };
		06308A5B29FE0D4700BDEE2D /* HuriganaText.swift */ = {isa = PBXFileReference; lastKnownFileType = sourcecode.swift; name = HuriganaText.swift; path = JWords/macView/Components/HuriganaText.swift; sourceTree = SOURCE_ROOT; };
		06308A6129FE2E2B00BDEE2D /* EditableHuriganaText.swift */ = {isa = PBXFileReference; lastKnownFileType = sourcecode.swift; path = EditableHuriganaText.swift; sourceTree = "<group>"; };
		06308A6529FE2ED500BDEE2D /* Huri.swift */ = {isa = PBXFileReference; lastKnownFileType = sourcecode.swift; path = Huri.swift; sourceTree = "<group>"; };
		06308A6729FE315800BDEE2D /* EditableHuriUnit.swift */ = {isa = PBXFileReference; lastKnownFileType = sourcecode.swift; path = EditableHuriUnit.swift; sourceTree = "<group>"; };
		06308A702A048EFD00BDEE2D /* StudyUnit.swift */ = {isa = PBXFileReference; lastKnownFileType = sourcecode.swift; path = StudyUnit.swift; sourceTree = "<group>"; };
		06308A722A04902A00BDEE2D /* StudySet.swift */ = {isa = PBXFileReference; lastKnownFileType = sourcecode.swift; path = StudySet.swift; sourceTree = "<group>"; };
		0641C1B92ADB875800C6EA05 /* EditUnitTest.swift */ = {isa = PBXFileReference; lastKnownFileType = sourcecode.swift; path = EditUnitTest.swift; sourceTree = "<group>"; };
		0641C1BB2ADB97FB00C6EA05 /* InputUnitTest.swift */ = {isa = PBXFileReference; lastKnownFileType = sourcecode.swift; path = InputUnitTest.swift; sourceTree = "<group>"; };
		0647529E29B45AB90047E84A /* GoogleService-Info.plist */ = {isa = PBXFileReference; fileEncoding = 4; lastKnownFileType = text.plist.xml; path = "GoogleService-Info.plist"; sourceTree = "<group>"; };
		06496B0A2AA311140061DCA9 /* OCRClient.swift */ = {isa = PBXFileReference; lastKnownFileType = sourcecode.swift; path = OCRClient.swift; sourceTree = "<group>"; };
		064BA4422AC2558700288749 /* InputUnit.swift */ = {isa = PBXFileReference; lastKnownFileType = sourcecode.swift; path = InputUnit.swift; sourceTree = "<group>"; };
		064BA4452AC256E400288749 /* KanjiInput.swift */ = {isa = PBXFileReference; lastKnownFileType = sourcecode.swift; path = KanjiInput.swift; sourceTree = "<group>"; };
		064BA4472AC2CC0B00288749 /* MeaningInput.swift */ = {isa = PBXFileReference; lastKnownFileType = sourcecode.swift; path = MeaningInput.swift; sourceTree = "<group>"; };
		064BA44C2AC2D00200288749 /* InputFieldTitle.swift */ = {isa = PBXFileReference; lastKnownFileType = sourcecode.swift; path = InputFieldTitle.swift; sourceTree = "<group>"; };
		064BA44E2AC2D14200288749 /* InputFieldTextEditor.swift */ = {isa = PBXFileReference; lastKnownFileType = sourcecode.swift; path = InputFieldTextEditor.swift; sourceTree = "<group>"; };
		064BA4532AC39BA600288749 /* ButtonStyle.swift */ = {isa = PBXFileReference; lastKnownFileType = sourcecode.swift; path = ButtonStyle.swift; sourceTree = "<group>"; };
		064BA4552AC3A50D00288749 /* AddUnit.swift */ = {isa = PBXFileReference; lastKnownFileType = sourcecode.swift; path = AddUnit.swift; sourceTree = "<group>"; };
		064BA4572AC3B93C00288749 /* EditUnit.swift */ = {isa = PBXFileReference; lastKnownFileType = sourcecode.swift; path = EditUnit.swift; sourceTree = "<group>"; };
		06581A9C2ACBF351007914A3 /* Inputs.swift */ = {isa = PBXFileReference; lastKnownFileType = sourcecode.swift; path = Inputs.swift; sourceTree = "<group>"; };
		06581A9E2ACBF7E2007914A3 /* StudyUnitClient.swift */ = {isa = PBXFileReference; lastKnownFileType = sourcecode.swift; path = StudyUnitClient.swift; sourceTree = "<group>"; };
		06581AA02ACC0069007914A3 /* KanjiClient.swift */ = {isa = PBXFileReference; lastKnownFileType = sourcecode.swift; path = KanjiClient.swift; sourceTree = "<group>"; };
		06581AA22ACC2FA0007914A3 /* KeyValueStoreService.swift */ = {isa = PBXFileReference; lastKnownFileType = sourcecode.swift; path = KeyValueStoreService.swift; sourceTree = "<group>"; };
		06581AA42ACC3E11007914A3 /* OCRService.swift */ = {isa = PBXFileReference; lastKnownFileType = sourcecode.swift; path = OCRService.swift; sourceTree = "<group>"; };
		06581AA62ACC433D007914A3 /* KanjiWikiService.swift */ = {isa = PBXFileReference; lastKnownFileType = sourcecode.swift; path = KanjiWikiService.swift; sourceTree = "<group>"; };
		06581AA82ACCEEBD007914A3 /* MainTabTest.swift */ = {isa = PBXFileReference; lastKnownFileType = sourcecode.swift; path = MainTabTest.swift; sourceTree = "<group>"; };
		06581AAB2ACCFCF6007914A3 /* AddSet.swift */ = {isa = PBXFileReference; lastKnownFileType = sourcecode.swift; path = AddSet.swift; sourceTree = "<group>"; };
		06581AAD2ACCFCFD007914A3 /* EditSet.swift */ = {isa = PBXFileReference; lastKnownFileType = sourcecode.swift; path = EditSet.swift; sourceTree = "<group>"; };
		06581AB02ACCFD29007914A3 /* InputSet.swift */ = {isa = PBXFileReference; lastKnownFileType = sourcecode.swift; path = InputSet.swift; sourceTree = "<group>"; };
		06581AB32ACCFDAD007914A3 /* InputSetTitle.swift */ = {isa = PBXFileReference; lastKnownFileType = sourcecode.swift; path = InputSetTitle.swift; sourceTree = "<group>"; };
		06581AB52ACCFDB6007914A3 /* InputSetTextField.swift */ = {isa = PBXFileReference; lastKnownFileType = sourcecode.swift; path = InputSetTextField.swift; sourceTree = "<group>"; };
		065FD2662ACE9FDE00A2ABCE /* TodayListTest.swift */ = {isa = PBXFileReference; lastKnownFileType = sourcecode.swift; path = TodayListTest.swift; sourceTree = "<group>"; };
		067840F529C595EF0019ABA8 /* PasteBoardService.swift */ = {isa = PBXFileReference; lastKnownFileType = sourcecode.swift; path = PasteBoardService.swift; sourceTree = "<group>"; };
		0688A1D329B3345E0057B2DB /* String+Extension.swift */ = {isa = PBXFileReference; lastKnownFileType = sourcecode.swift; path = "String+Extension.swift"; sourceTree = "<group>"; };
		068D4CFB28B2189300F44F6E /* UnitMoveView.swift */ = {isa = PBXFileReference; lastKnownFileType = sourcecode.swift; path = UnitMoveView.swift; sourceTree = "<group>"; };
		0690F8732AAC987300E5FF05 /* PercentageChart.swift */ = {isa = PBXFileReference; lastKnownFileType = sourcecode.swift; path = PercentageChart.swift; sourceTree = "<group>"; };
		0690F8752AAC9EE200E5FF05 /* TodayStatusView.swift */ = {isa = PBXFileReference; lastKnownFileType = sourcecode.swift; path = TodayStatusView.swift; sourceTree = "<group>"; };
		0697715E28CF030C00569280 /* Random.swift */ = {isa = PBXFileReference; lastKnownFileType = sourcecode.swift; path = Random.swift; sourceTree = "<group>"; };
		069941842A99EFFC00B5D769 /* DeleteCell.swift */ = {isa = PBXFileReference; lastKnownFileType = sourcecode.swift; path = DeleteCell.swift; sourceTree = "<group>"; };
		069941862A9A066B00B5D769 /* Array+Extension.swift */ = {isa = PBXFileReference; lastKnownFileType = sourcecode.swift; path = "Array+Extension.swift"; sourceTree = "<group>"; };
		06A1F4D628670C99003440B0 /* XCTest.framework */ = {isa = PBXFileReference; lastKnownFileType = wrapper.framework; name = XCTest.framework; path = Platforms/iPhoneOS.platform/Developer/Library/Frameworks/XCTest.framework; sourceTree = DEVELOPER_DIR; };
		06B2DA3D29EA6A0B009C67EF /* SettingSideBar.swift */ = {isa = PBXFileReference; lastKnownFileType = sourcecode.swift; path = SettingSideBar.swift; sourceTree = "<group>"; };
		06BC608929A0928600AA67E6 /* View+Extension.swift */ = {isa = PBXFileReference; lastKnownFileType = sourcecode.swift; path = "View+Extension.swift"; sourceTree = "<group>"; };
		06BC608B29A09FC000AA67E6 /* ViewModifier.swift */ = {isa = PBXFileReference; lastKnownFileType = sourcecode.swift; path = ViewModifier.swift; sourceTree = "<group>"; };
		06C992E62AC675F10062F9FB /* AllLists.swift */ = {isa = PBXFileReference; lastKnownFileType = sourcecode.swift; path = AllLists.swift; sourceTree = "<group>"; };
		06C992EB2AC9233D0062F9FB /* StudyUnitsView.swift */ = {isa = PBXFileReference; lastKnownFileType = sourcecode.swift; path = StudyUnitsView.swift; sourceTree = "<group>"; };
		06C992ED2ACAAFD90062F9FB /* StudyKanjiSampleView.swift */ = {isa = PBXFileReference; lastKnownFileType = sourcecode.swift; path = StudyKanjiSampleView.swift; sourceTree = "<group>"; };
		06C992F12ACABF4C0062F9FB /* InputImageType.swift */ = {isa = PBXFileReference; lastKnownFileType = sourcecode.swift; path = InputImageType.swift; sourceTree = "<group>"; };
		06CEAC542AB6BB96007783F6 /* BannerAdView.swift */ = {isa = PBXFileReference; lastKnownFileType = sourcecode.swift; path = BannerAdView.swift; sourceTree = "<group>"; };
		06CEF2432866F1C800A620CC /* JWords.app */ = {isa = PBXFileReference; explicitFileType = wrapper.application; includeInIndex = 0; path = JWords.app; sourceTree = BUILT_PRODUCTS_DIR; };
		06CEF2462866F1C800A620CC /* JWordsApp.swift */ = {isa = PBXFileReference; lastKnownFileType = sourcecode.swift; path = JWordsApp.swift; sourceTree = "<group>"; };
		06CEF24A2866F1CB00A620CC /* Assets.xcassets */ = {isa = PBXFileReference; lastKnownFileType = folder.assetcatalog; path = Assets.xcassets; sourceTree = "<group>"; };
		06CEF24D2866F1CB00A620CC /* Preview Assets.xcassets */ = {isa = PBXFileReference; lastKnownFileType = folder.assetcatalog; path = "Preview Assets.xcassets"; sourceTree = "<group>"; };
		06CEF24F2866F1CB00A620CC /* JWords.entitlements */ = {isa = PBXFileReference; lastKnownFileType = text.plist.entitlements; path = JWords.entitlements; sourceTree = "<group>"; };
		06CEF2542866F1CB00A620CC /* JWordsUnitTests.xctest */ = {isa = PBXFileReference; explicitFileType = wrapper.cfbundle; includeInIndex = 0; path = JWordsUnitTests.xctest; sourceTree = BUILT_PRODUCTS_DIR; };
		06CEF25E2866F1CB00A620CC /* JWordsUITests.xctest */ = {isa = PBXFileReference; explicitFileType = wrapper.cfbundle; includeInIndex = 0; path = JWordsUITests.xctest; sourceTree = BUILT_PRODUCTS_DIR; };
		06CEF2622866F1CB00A620CC /* JWordsUITests.swift */ = {isa = PBXFileReference; lastKnownFileType = sourcecode.swift; path = JWordsUITests.swift; sourceTree = "<group>"; };
		06CEF2642866F1CB00A620CC /* JWordsUITestsLaunchTests.swift */ = {isa = PBXFileReference; lastKnownFileType = sourcecode.swift; path = JWordsUITestsLaunchTests.swift; sourceTree = "<group>"; };
		06CEF2752866F32700A620CC /* JWordsAcceptanceTests.xctest */ = {isa = PBXFileReference; explicitFileType = wrapper.cfbundle; includeInIndex = 0; path = JWordsAcceptanceTests.xctest; sourceTree = BUILT_PRODUCTS_DIR; };
		06CEF2772866F32700A620CC /* JWordsAcceptanceTests.swift */ = {isa = PBXFileReference; lastKnownFileType = sourcecode.swift; path = JWordsAcceptanceTests.swift; sourceTree = "<group>"; };
		06CEF27E2866F38500A620CC /* README.md */ = {isa = PBXFileReference; lastKnownFileType = net.daringfireball.markdown; path = README.md; sourceTree = "<group>"; };
		06D0B12C2ACAF2BB00169129 /* CoreDataService.swift */ = {isa = PBXFileReference; lastKnownFileType = sourcecode.swift; path = CoreDataService.swift; sourceTree = "<group>"; };
		06E917532A07168F002289B4 /* StudySetClient.swift */ = {isa = PBXFileReference; lastKnownFileType = sourcecode.swift; path = StudySetClient.swift; sourceTree = "<group>"; };
		06E917562A071711002289B4 /* jwords.xcdatamodel */ = {isa = PBXFileReference; lastKnownFileType = wrapper.xcdatamodel; path = jwords.xcdatamodel; sourceTree = "<group>"; };
		5A5C468728D98894000E212B /* Calendar+Extension.swift */ = {isa = PBXFileReference; lastKnownFileType = sourcecode.swift; path = "Calendar+Extension.swift"; sourceTree = "<group>"; };
		5A5FF631286AD79E000150A7 /* ImageCompressor.swift */ = {isa = PBXFileReference; lastKnownFileType = sourcecode.swift; path = ImageCompressor.swift; sourceTree = "<group>"; };
		5A653FEA2907C1C800E3466E /* TodaySchedule.swift */ = {isa = PBXFileReference; lastKnownFileType = sourcecode.swift; path = TodaySchedule.swift; sourceTree = "<group>"; };
		5A67DC1F286942FE00AC156C /* HomeView.swift */ = {isa = PBXFileReference; lastKnownFileType = sourcecode.swift; path = HomeView.swift; sourceTree = "<group>"; };
		5A67DC22286943A800AC156C /* HomeCell.swift */ = {isa = PBXFileReference; lastKnownFileType = sourcecode.swift; path = HomeCell.swift; sourceTree = "<group>"; };
		5A67DC26286944FF00AC156C /* Size.swift */ = {isa = PBXFileReference; lastKnownFileType = sourcecode.swift; path = Size.swift; sourceTree = "<group>"; };
		5A67DC2C2869470C00AC156C /* StudyCell.swift */ = {isa = PBXFileReference; lastKnownFileType = sourcecode.swift; path = StudyCell.swift; sourceTree = "<group>"; };
		5A67DC302869529700AC156C /* MacAppView.swift */ = {isa = PBXFileReference; lastKnownFileType = sourcecode.swift; path = MacAppView.swift; sourceTree = "<group>"; };
		5A735AF528D8071D00CADF9B /* TodayView.swift */ = {isa = PBXFileReference; lastKnownFileType = sourcecode.swift; path = TodayView.swift; sourceTree = "<group>"; };
		5A735AFE28D80EAE00CADF9B /* MainTabView.swift */ = {isa = PBXFileReference; lastKnownFileType = sourcecode.swift; path = MainTabView.swift; sourceTree = "<group>"; };
		5A77B98C29EF8C6A00EA7B41 /* EditCell.swift */ = {isa = PBXFileReference; lastKnownFileType = sourcecode.swift; path = EditCell.swift; sourceTree = "<group>"; };
		5A77B98E29EFA99000EA7B41 /* BaseCell.swift */ = {isa = PBXFileReference; lastKnownFileType = sourcecode.swift; path = BaseCell.swift; sourceTree = "<group>"; };
		5A7B920029F10C0500ED3CAA /* SelectionCell.swift */ = {isa = PBXFileReference; lastKnownFileType = sourcecode.swift; path = SelectionCell.swift; sourceTree = "<group>"; };
		5A7C6FD829FB6D1700DD84A4 /* PasteBoardClient.swift */ = {isa = PBXFileReference; lastKnownFileType = sourcecode.swift; path = PasteBoardClient.swift; sourceTree = "<group>"; };
		5A8614D72A1C627300000653 /* CKImageService.swift */ = {isa = PBXFileReference; lastKnownFileType = sourcecode.swift; path = CKImageService.swift; sourceTree = "<group>"; };
		5A8843C02A11BBB40027B408 /* KanjiList.swift */ = {isa = PBXFileReference; lastKnownFileType = sourcecode.swift; path = KanjiList.swift; sourceTree = "<group>"; };
		5A8843C22A11BBDF0027B408 /* Kanji.swift */ = {isa = PBXFileReference; lastKnownFileType = sourcecode.swift; path = Kanji.swift; sourceTree = "<group>"; };
		5A8843C42A11CA630027B408 /* KanjiCell.swift */ = {isa = PBXFileReference; lastKnownFileType = sourcecode.swift; path = KanjiCell.swift; sourceTree = "<group>"; };
		5A8FF2E528DAF33E00B5E934 /* Info.plist */ = {isa = PBXFileReference; lastKnownFileType = text.plist.xml; path = Info.plist; sourceTree = "<group>"; };
		5AA9097A2A83237A0075AFB9 /* ScheduleClient.swift */ = {isa = PBXFileReference; lastKnownFileType = sourcecode.swift; path = ScheduleClient.swift; sourceTree = "<group>"; };
		5AAB886528D84DBB000B46CA /* TodaySelectionModal.swift */ = {isa = PBXFileReference; lastKnownFileType = sourcecode.swift; path = TodaySelectionModal.swift; sourceTree = "<group>"; };
		5AB308372ABBDEE0002EAC3E /* TutorialList.swift */ = {isa = PBXFileReference; lastKnownFileType = sourcecode.swift; path = TutorialList.swift; sourceTree = "<group>"; };
		5ABE51082AA7127C0052A551 /* kanjiList.json */ = {isa = PBXFileReference; fileEncoding = 4; lastKnownFileType = text.json; path = kanjiList.json; sourceTree = "<group>"; };
		5AC78A9F2ABBEA3200E39A71 /* TutorialPageView.swift */ = {isa = PBXFileReference; lastKnownFileType = sourcecode.swift; path = TutorialPageView.swift; sourceTree = "<group>"; };
		5AC78AA22ABC0CA500E39A71 /* Tutorial.swift */ = {isa = PBXFileReference; lastKnownFileType = sourcecode.swift; path = Tutorial.swift; sourceTree = "<group>"; };
		5AE1DB1E28C5E46B006DB89C /* Error.swift */ = {isa = PBXFileReference; lastKnownFileType = sourcecode.swift; path = Error.swift; sourceTree = "<group>"; };
		5AE7A76C28D981D9005E12B6 /* Date+Extension.swift */ = {isa = PBXFileReference; lastKnownFileType = sourcecode.swift; path = "Date+Extension.swift"; sourceTree = "<group>"; };
/* End PBXFileReference section */

/* Begin PBXFrameworksBuildPhase section */
		06CEF2402866F1C800A620CC /* Frameworks */ = {
			isa = PBXFrameworksBuildPhase;
			buildActionMask = 2147483647;
			files = (
				060703F22AD0E7CA0078489C /* ComposableArchitecture in Frameworks */,
				06CEAC522AB6B71B007783F6 /* GoogleMobileAds in Frameworks */,
			);
			runOnlyForDeploymentPostprocessing = 0;
		};
		06CEF2512866F1CB00A620CC /* Frameworks */ = {
			isa = PBXFrameworksBuildPhase;
			buildActionMask = 2147483647;
			files = (
			);
			runOnlyForDeploymentPostprocessing = 0;
		};
		06CEF25B2866F1CB00A620CC /* Frameworks */ = {
			isa = PBXFrameworksBuildPhase;
			buildActionMask = 2147483647;
			files = (
			);
			runOnlyForDeploymentPostprocessing = 0;
		};
		06CEF2722866F32700A620CC /* Frameworks */ = {
			isa = PBXFrameworksBuildPhase;
			buildActionMask = 2147483647;
			files = (
			);
			runOnlyForDeploymentPostprocessing = 0;
		};
/* End PBXFrameworksBuildPhase section */

/* Begin PBXGroup section */
		06004E2E2AC5484B00947F5D /* Lists */ = {
			isa = PBXGroup;
			children = (
				06004E2F2AC5485800947F5D /* UnitsList.swift */,
				06004E362AC5488600947F5D /* EditList.swift */,
				06004E382AC5488D00947F5D /* DeleteList.swift */,
				06004E3A2AC5489700947F5D /* SelectList.swift */,
				06C992E62AC675F10062F9FB /* AllLists.swift */,
			);
			path = Lists;
			sourceTree = "<group>";
		};
		06004E3C2AC548BE00947F5D /* Cells */ = {
			isa = PBXGroup;
			children = (
				5A77B98C29EF8C6A00EA7B41 /* EditCell.swift */,
				5A67DC2C2869470C00AC156C /* StudyCell.swift */,
				069941842A99EFFC00B5D769 /* DeleteCell.swift */,
				5A77B98E29EFA99000EA7B41 /* BaseCell.swift */,
				5A7B920029F10C0500ED3CAA /* SelectionCell.swift */,
			);
			path = Cells;
			sourceTree = "<group>";
		};
		06004E3D2AC5559800947F5D /* StudyView */ = {
			isa = PBXGroup;
			children = (
				06004E3E2AC555C800947F5D /* StudySetView.swift */,
				06C992EB2AC9233D0062F9FB /* StudyUnitsView.swift */,
				06C992ED2ACAAFD90062F9FB /* StudyKanjiSampleView.swift */,
			);
			path = StudyView;
			sourceTree = "<group>";
		};
		06004E422AC5A60D00947F5D /* Items */ = {
			isa = PBXGroup;
			children = (
				06004E432AC5A62400947F5D /* ToolbarItems.swift */,
			);
			path = Items;
			sourceTree = "<group>";
		};
		060703F52ADA8C9D0078489C /* TestMock */ = {
			isa = PBXGroup;
			children = (
				060703F62ADA8CA40078489C /* StudyUnit.swift */,
				060703F82ADA8CE70078489C /* StudySet.swift */,
			);
			path = TestMock;
			sourceTree = "<group>";
		};
		064BA4402AC2556200288749 /* Unit */ = {
			isa = PBXGroup;
			children = (
				064BA4552AC3A50D00288749 /* AddUnit.swift */,
				064BA4572AC3B93C00288749 /* EditUnit.swift */,
				064BA4442AC256CD00288749 /* Items */,
				064BA44B2AC2CFE400288749 /* SubViews */,
			);
			path = Unit;
			sourceTree = "<group>";
		};
		064BA4442AC256CD00288749 /* Items */ = {
			isa = PBXGroup;
			children = (
				064BA4422AC2558700288749 /* InputUnit.swift */,
				064BA4452AC256E400288749 /* KanjiInput.swift */,
				064BA4472AC2CC0B00288749 /* MeaningInput.swift */,
			);
			path = Items;
			sourceTree = "<group>";
		};
		064BA44B2AC2CFE400288749 /* SubViews */ = {
			isa = PBXGroup;
			children = (
				064BA44C2AC2D00200288749 /* InputFieldTitle.swift */,
				064BA44E2AC2D14200288749 /* InputFieldTextEditor.swift */,
			);
			path = SubViews;
			sourceTree = "<group>";
		};
		06581AAA2ACCFCEC007914A3 /* Set */ = {
			isa = PBXGroup;
			children = (
				06581AAB2ACCFCF6007914A3 /* AddSet.swift */,
				06581AAD2ACCFCFD007914A3 /* EditSet.swift */,
				06581AB22ACCFD8F007914A3 /* SubViews */,
				06581AAF2ACCFD20007914A3 /* Items */,
			);
			path = Set;
			sourceTree = "<group>";
		};
		06581AAF2ACCFD20007914A3 /* Items */ = {
			isa = PBXGroup;
			children = (
				06581AB02ACCFD29007914A3 /* InputSet.swift */,
			);
			path = Items;
			sourceTree = "<group>";
		};
		06581AB22ACCFD8F007914A3 /* SubViews */ = {
			isa = PBXGroup;
			children = (
				06581AB32ACCFDAD007914A3 /* InputSetTitle.swift */,
				06581AB52ACCFDB6007914A3 /* InputSetTextField.swift */,
			);
			path = SubViews;
			sourceTree = "<group>";
		};
		0697715D28CF02E300569280 /* Util */ = {
			isa = PBXGroup;
			children = (
				0697715E28CF030C00569280 /* Random.swift */,
			);
			path = Util;
			sourceTree = "<group>";
		};
		06A1F4D528670C99003440B0 /* Frameworks */ = {
			isa = PBXGroup;
			children = (
				06A1F4D628670C99003440B0 /* XCTest.framework */,
			);
			name = Frameworks;
			sourceTree = "<group>";
		};
		06C992EA2AC922C20062F9FB /* Modals */ = {
			isa = PBXGroup;
			children = (
				06004E402AC55C5700947F5D /* StudyModals.swift */,
				068D4CFB28B2189300F44F6E /* UnitMoveView.swift */,
			);
			path = Modals;
			sourceTree = "<group>";
		};
		06C992FB2ACAC8AE0062F9FB /* App */ = {
			isa = PBXGroup;
			children = (
				5A67DC302869529700AC156C /* MacAppView.swift */,
				5A735AFE28D80EAE00CADF9B /* MainTabView.swift */,
			);
			path = App;
			sourceTree = "<group>";
		};
		06C992FC2ACAC92F0062F9FB /* OCR */ = {
			isa = PBXGroup;
			children = (
				06C992FD2ACAC9440062F9FB /* SubViews */,
				061D99492ACE59E900C08E17 /* OCRView.swift */,
				061D99472ACE59DD00C08E17 /* OCRAddUnitView.swift */,
			);
			path = OCR;
			sourceTree = "<group>";
		};
		06C992FD2ACAC9440062F9FB /* SubViews */ = {
			isa = PBXGroup;
			children = (
				061D993F2ACE59BC00C08E17 /* OCRResultView.swift */,
				061D99412ACE59C600C08E17 /* CameraScanner.swift */,
				061D99452ACE59D400C08E17 /* GetImageForOCRView.swift */,
				061D99432ACE59CE00C08E17 /* ScanGuide.swift */,
			);
			path = SubViews;
			sourceTree = "<group>";
		};
		06C992FE2ACAC9620062F9FB /* Util */ = {
			isa = PBXGroup;
			children = (
				061D993D2ACE59AA00C08E17 /* RectangleButton.swift */,
				061D993B2ACE599600C08E17 /* FlexBox.swift */,
			);
			path = Util;
			sourceTree = "<group>";
		};
		06CEAC532AB6BB78007783F6 /* Ad */ = {
			isa = PBXGroup;
			children = (
				06CEAC542AB6BB96007783F6 /* BannerAdView.swift */,
			);
			path = Ad;
			sourceTree = "<group>";
		};
		06CEF23A2866F1C800A620CC = {
			isa = PBXGroup;
			children = (
				06CEF27E2866F38500A620CC /* README.md */,
				06CEF2452866F1C800A620CC /* JWords */,
				06CEF2572866F1CB00A620CC /* JWordsUnitTests */,
				06CEF2612866F1CB00A620CC /* JWordsUITests */,
				06CEF2762866F32700A620CC /* JWordsAcceptanceTests */,
				06CEF2442866F1C800A620CC /* Products */,
				06A1F4D528670C99003440B0 /* Frameworks */,
			);
			sourceTree = "<group>";
		};
		06CEF2442866F1C800A620CC /* Products */ = {
			isa = PBXGroup;
			children = (
				06CEF2432866F1C800A620CC /* JWords.app */,
				06CEF2542866F1CB00A620CC /* JWordsUnitTests.xctest */,
				06CEF25E2866F1CB00A620CC /* JWordsUITests.xctest */,
				06CEF2752866F32700A620CC /* JWordsAcceptanceTests.xctest */,
			);
			name = Products;
			sourceTree = "<group>";
		};
		06CEF2452866F1C800A620CC /* JWords */ = {
			isa = PBXGroup;
			children = (
				5ABE51072AA7124F0052A551 /* StudyData */,
				0647529E29B45AB90047E84A /* GoogleService-Info.plist */,
				5A8FF2E528DAF33E00B5E934 /* Info.plist */,
				5A616D9D28C059FC0013B5AE /* API */,
				5A5FF633286ADF53000150A7 /* Helper */,
				5A5FF630286AD746000150A7 /* Utilities */,
				5ACE0A7428699B9600A57660 /* Model */,
				5ACE0A6F2869985F00A57660 /* Service */,
				5A67DC24286944EF00AC156C /* Constants */,
				5A67DC1D286942E800AC156C /* Views */,
				06CEF24A2866F1CB00A620CC /* Assets.xcassets */,
				06CEF2462866F1C800A620CC /* JWordsApp.swift */,
				06CEF24F2866F1CB00A620CC /* JWords.entitlements */,
				06CEF24C2866F1CB00A620CC /* Preview Content */,
				06E917552A071711002289B4 /* jwords.xcdatamodeld */,
			);
			path = JWords;
			sourceTree = "<group>";
		};
		06CEF24C2866F1CB00A620CC /* Preview Content */ = {
			isa = PBXGroup;
			children = (
				06CEF24D2866F1CB00A620CC /* Preview Assets.xcassets */,
			);
			path = "Preview Content";
			sourceTree = "<group>";
		};
		06CEF2572866F1CB00A620CC /* JWordsUnitTests */ = {
			isa = PBXGroup;
			children = (
				060703F52ADA8C9D0078489C /* TestMock */,
				0697715D28CF02E300569280 /* Util */,
				06581AA82ACCEEBD007914A3 /* MainTabTest.swift */,
				061D99382ACD64EF00C08E17 /* HomeListTest.swift */,
				065FD2662ACE9FDE00A2ABCE /* TodayListTest.swift */,
				060703FA2ADAC9EB0078489C /* AddUnitTest.swift */,
				0641C1B92ADB875800C6EA05 /* EditUnitTest.swift */,
				0641C1BB2ADB97FB00C6EA05 /* InputUnitTest.swift */,
			);
			path = JWordsUnitTests;
			sourceTree = "<group>";
		};
		06CEF2612866F1CB00A620CC /* JWordsUITests */ = {
			isa = PBXGroup;
			children = (
				06CEF2622866F1CB00A620CC /* JWordsUITests.swift */,
				06CEF2642866F1CB00A620CC /* JWordsUITestsLaunchTests.swift */,
			);
			path = JWordsUITests;
			sourceTree = "<group>";
		};
		06CEF2762866F32700A620CC /* JWordsAcceptanceTests */ = {
			isa = PBXGroup;
			children = (
				06CEF2772866F32700A620CC /* JWordsAcceptanceTests.swift */,
			);
			path = JWordsAcceptanceTests;
			sourceTree = "<group>";
		};
		5A5FF630286AD746000150A7 /* Utilities */ = {
			isa = PBXGroup;
			children = (
				5A5FF631286AD79E000150A7 /* ImageCompressor.swift */,
				0622727729FCFAD700EEAD50 /* HuriganaConverter.swift */,
			);
			path = Utilities;
			sourceTree = "<group>";
		};
		5A5FF633286ADF53000150A7 /* Helper */ = {
			isa = PBXGroup;
			children = (
				5AE1DB1E28C5E46B006DB89C /* Error.swift */,
				5AE7A76C28D981D9005E12B6 /* Date+Extension.swift */,
				5A5C468728D98894000E212B /* Calendar+Extension.swift */,
				06BC608929A0928600AA67E6 /* View+Extension.swift */,
				06BC608B29A09FC000AA67E6 /* ViewModifier.swift */,
				0688A1D329B3345E0057B2DB /* String+Extension.swift */,
				0622727929FCFC2600EEAD50 /* Character+Extension.swift */,
				069941862A9A066B00B5D769 /* Array+Extension.swift */,
				064BA4532AC39BA600288749 /* ButtonStyle.swift */,
				06004E2A2AC538B500947F5D /* KeyBoardDismissingBackground.swift */,
			);
			path = Helper;
			sourceTree = "<group>";
		};
		5A616D9D28C059FC0013B5AE /* API */ = {
			isa = PBXGroup;
			children = (
				5A7C6FD829FB6D1700DD84A4 /* PasteBoardClient.swift */,
				06E917532A07168F002289B4 /* StudySetClient.swift */,
				06581A9E2ACBF7E2007914A3 /* StudyUnitClient.swift */,
				060703EE2ACFFB510078489C /* UtilClient.swift */,
				06581AA02ACC0069007914A3 /* KanjiClient.swift */,
				5AA9097A2A83237A0075AFB9 /* ScheduleClient.swift */,
				06496B0A2AA311140061DCA9 /* OCRClient.swift */,
			);
			path = API;
			sourceTree = "<group>";
		};
		5A67DC1D286942E800AC156C /* Views */ = {
			isa = PBXGroup;
			children = (
				06581AAA2ACCFCEC007914A3 /* Set */,
				06C992FE2ACAC9620062F9FB /* Util */,
				06C992FC2ACAC92F0062F9FB /* OCR */,
				06C992FB2ACAC8AE0062F9FB /* App */,
				064BA4402AC2556200288749 /* Unit */,
				5AB308352ABBDEC6002EAC3E /* Tutorials */,
				06CEAC532AB6BB78007783F6 /* Ad */,
				5A8843BF2A11BBA10027B408 /* Kanji */,
				5A735AF928D809B500CADF9B /* Today */,
				5A67DC2E2869491E00AC156C /* items */,
				5A67DC28286946DF00AC156C /* WordList */,
				5A67DC212869439D00AC156C /* Home */,
			);
			path = Views;
			sourceTree = "<group>";
		};
		5A67DC212869439D00AC156C /* Home */ = {
			isa = PBXGroup;
			children = (
				5A67DC1F286942FE00AC156C /* HomeView.swift */,
			);
			path = Home;
			sourceTree = "<group>";
		};
		5A67DC24286944EF00AC156C /* Constants */ = {
			isa = PBXGroup;
			children = (
				5A67DC26286944FF00AC156C /* Size.swift */,
			);
			path = Constants;
			sourceTree = "<group>";
		};
		5A67DC28286946DF00AC156C /* WordList */ = {
			isa = PBXGroup;
			children = (
				06004E3D2AC5559800947F5D /* StudyView */,
				06004E2E2AC5484B00947F5D /* Lists */,
				06004E3C2AC548BE00947F5D /* Cells */,
				06C992EA2AC922C20062F9FB /* Modals */,
				06004E422AC5A60D00947F5D /* Items */,
				06B2DA3D29EA6A0B009C67EF /* SettingSideBar.swift */,
			);
			path = WordList;
			sourceTree = "<group>";
		};
		5A67DC2E2869491E00AC156C /* items */ = {
			isa = PBXGroup;
			children = (
				061C9E802A19CF8200E099B5 /* StudySetPicker.swift */,
				06308A5B29FE0D4700BDEE2D /* HuriganaText.swift */,
				5A67DC22286943A800AC156C /* HomeCell.swift */,
				06308A6129FE2E2B00BDEE2D /* EditableHuriganaText.swift */,
				06308A6729FE315800BDEE2D /* EditableHuriUnit.swift */,
			);
			path = items;
			sourceTree = "<group>";
		};
		5A735AF928D809B500CADF9B /* Today */ = {
			isa = PBXGroup;
			children = (
				5A735AF528D8071D00CADF9B /* TodayView.swift */,
				5AAB886528D84DBB000B46CA /* TodaySelectionModal.swift */,
				0690F8732AAC987300E5FF05 /* PercentageChart.swift */,
				0690F8752AAC9EE200E5FF05 /* TodayStatusView.swift */,
			);
			path = Today;
			sourceTree = "<group>";
		};
		5A8843BF2A11BBA10027B408 /* Kanji */ = {
			isa = PBXGroup;
			children = (
				5A8843C02A11BBB40027B408 /* KanjiList.swift */,
				5A8843C42A11CA630027B408 /* KanjiCell.swift */,
			);
			path = Kanji;
			sourceTree = "<group>";
		};
		5AB308352ABBDEC6002EAC3E /* Tutorials */ = {
			isa = PBXGroup;
			children = (
				5AB308372ABBDEE0002EAC3E /* TutorialList.swift */,
				5AC78A9F2ABBEA3200E39A71 /* TutorialPageView.swift */,
			);
			path = Tutorials;
			sourceTree = "<group>";
		};
		5ABE51072AA7124F0052A551 /* StudyData */ = {
			isa = PBXGroup;
			children = (
				5ABE51082AA7127C0052A551 /* kanjiList.json */,
			);
			path = StudyData;
			sourceTree = "<group>";
		};
		5ACE0A6F2869985F00A57660 /* Service */ = {
			isa = PBXGroup;
			children = (
				5A8614D72A1C627300000653 /* CKImageService.swift */,
				067840F529C595EF0019ABA8 /* PasteBoardService.swift */,
				06D0B12C2ACAF2BB00169129 /* CoreDataService.swift */,
				06581AA22ACC2FA0007914A3 /* KeyValueStoreService.swift */,
				06581AA42ACC3E11007914A3 /* OCRService.swift */,
				06581AA62ACC433D007914A3 /* KanjiWikiService.swift */,
			);
			path = Service;
			sourceTree = "<group>";
		};
		5ACE0A7428699B9600A57660 /* Model */ = {
			isa = PBXGroup;
			children = (
				06308A6529FE2ED500BDEE2D /* Huri.swift */,
				06308A702A048EFD00BDEE2D /* StudyUnit.swift */,
				06308A722A04902A00BDEE2D /* StudySet.swift */,
				5A653FEA2907C1C800E3466E /* TodaySchedule.swift */,
				5A8843C22A11BBDF0027B408 /* Kanji.swift */,
				5AC78AA22ABC0CA500E39A71 /* Tutorial.swift */,
				06C992F12ACABF4C0062F9FB /* InputImageType.swift */,
				06581A9C2ACBF351007914A3 /* Inputs.swift */,
			);
			path = Model;
			sourceTree = "<group>";
		};
/* End PBXGroup section */

/* Begin PBXNativeTarget section */
		06CEF2422866F1C800A620CC /* JWords */ = {
			isa = PBXNativeTarget;
			buildConfigurationList = 06CEF2682866F1CB00A620CC /* Build configuration list for PBXNativeTarget "JWords" */;
			buildPhases = (
				06CEF23F2866F1C800A620CC /* Sources */,
				06CEF2402866F1C800A620CC /* Frameworks */,
				06CEF2412866F1C800A620CC /* Resources */,
			);
			buildRules = (
				5A61C9DC2872A68300689E01 /* PBXBuildRule */,
			);
			dependencies = (
			);
			name = JWords;
			packageProductDependencies = (
				06CEAC512AB6B71B007783F6 /* GoogleMobileAds */,
				060703F12AD0E7CA0078489C /* ComposableArchitecture */,
			);
			productName = JWords;
			productReference = 06CEF2432866F1C800A620CC /* JWords.app */;
			productType = "com.apple.product-type.application";
		};
		06CEF2532866F1CB00A620CC /* JWordsUnitTests */ = {
			isa = PBXNativeTarget;
			buildConfigurationList = 06CEF26B2866F1CB00A620CC /* Build configuration list for PBXNativeTarget "JWordsUnitTests" */;
			buildPhases = (
				06CEF2502866F1CB00A620CC /* Sources */,
				06CEF2512866F1CB00A620CC /* Frameworks */,
				06CEF2522866F1CB00A620CC /* Resources */,
			);
			buildRules = (
			);
			dependencies = (
				06CEF2562866F1CB00A620CC /* PBXTargetDependency */,
			);
			name = JWordsUnitTests;
			packageProductDependencies = (
			);
			productName = JWordsTests;
			productReference = 06CEF2542866F1CB00A620CC /* JWordsUnitTests.xctest */;
			productType = "com.apple.product-type.bundle.unit-test";
		};
		06CEF25D2866F1CB00A620CC /* JWordsUITests */ = {
			isa = PBXNativeTarget;
			buildConfigurationList = 06CEF26E2866F1CB00A620CC /* Build configuration list for PBXNativeTarget "JWordsUITests" */;
			buildPhases = (
				06CEF25A2866F1CB00A620CC /* Sources */,
				06CEF25B2866F1CB00A620CC /* Frameworks */,
				06CEF25C2866F1CB00A620CC /* Resources */,
			);
			buildRules = (
			);
			dependencies = (
				06CEF2602866F1CB00A620CC /* PBXTargetDependency */,
			);
			name = JWordsUITests;
			packageProductDependencies = (
			);
			productName = JWordsUITests;
			productReference = 06CEF25E2866F1CB00A620CC /* JWordsUITests.xctest */;
			productType = "com.apple.product-type.bundle.ui-testing";
		};
		06CEF2742866F32700A620CC /* JWordsAcceptanceTests */ = {
			isa = PBXNativeTarget;
			buildConfigurationList = 06CEF27D2866F32700A620CC /* Build configuration list for PBXNativeTarget "JWordsAcceptanceTests" */;
			buildPhases = (
				06CEF2712866F32700A620CC /* Sources */,
				06CEF2722866F32700A620CC /* Frameworks */,
				06CEF2732866F32700A620CC /* Resources */,
			);
			buildRules = (
			);
			dependencies = (
				06CEF27A2866F32700A620CC /* PBXTargetDependency */,
			);
			name = JWordsAcceptanceTests;
			packageProductDependencies = (
			);
			productName = JWordsAcceptanceTests;
			productReference = 06CEF2752866F32700A620CC /* JWordsAcceptanceTests.xctest */;
			productType = "com.apple.product-type.bundle.unit-test";
		};
/* End PBXNativeTarget section */

/* Begin PBXProject section */
		06CEF23B2866F1C800A620CC /* Project object */ = {
			isa = PBXProject;
			attributes = {
				BuildIndependentTargetsInParallel = 1;
				LastSwiftUpdateCheck = 1340;
				LastUpgradeCheck = 1400;
				TargetAttributes = {
					06CEF2422866F1C800A620CC = {
						CreatedOnToolsVersion = 13.4.1;
					};
					06CEF2532866F1CB00A620CC = {
						CreatedOnToolsVersion = 13.4.1;
						TestTargetID = 06CEF2422866F1C800A620CC;
					};
					06CEF25D2866F1CB00A620CC = {
						CreatedOnToolsVersion = 13.4.1;
						TestTargetID = 06CEF2422866F1C800A620CC;
					};
					06CEF2742866F32700A620CC = {
						CreatedOnToolsVersion = 13.4.1;
						TestTargetID = 06CEF2422866F1C800A620CC;
					};
				};
			};
			buildConfigurationList = 06CEF23E2866F1C800A620CC /* Build configuration list for PBXProject "JWords" */;
			compatibilityVersion = "Xcode 13.0";
			developmentRegion = en;
			hasScannedForEncodings = 0;
			knownRegions = (
				en,
				Base,
				ko,
				ja,
			);
			mainGroup = 06CEF23A2866F1C800A620CC;
			packageReferences = (
				5A5328C1286C126B0080D500 /* XCRemoteSwiftPackageReference "Kingfisher" */,
				06CEAC502AB6B71B007783F6 /* XCRemoteSwiftPackageReference "swift-package-manager-google-mobile-ads" */,
				060703F02AD0E7CA0078489C /* XCRemoteSwiftPackageReference "swift-composable-architecture" */,
			);
			productRefGroup = 06CEF2442866F1C800A620CC /* Products */;
			projectDirPath = "";
			projectRoot = "";
			targets = (
				06CEF2422866F1C800A620CC /* JWords */,
				06CEF2742866F32700A620CC /* JWordsAcceptanceTests */,
				06CEF2532866F1CB00A620CC /* JWordsUnitTests */,
				06CEF25D2866F1CB00A620CC /* JWordsUITests */,
			);
		};
/* End PBXProject section */

/* Begin PBXResourcesBuildPhase section */
		06CEF2412866F1C800A620CC /* Resources */ = {
			isa = PBXResourcesBuildPhase;
			buildActionMask = 2147483647;
			files = (
				06CEF24E2866F1CB00A620CC /* Preview Assets.xcassets in Resources */,
				06CEF24B2866F1CB00A620CC /* Assets.xcassets in Resources */,
				0647529F29B45AB90047E84A /* GoogleService-Info.plist in Resources */,
				5ABE51092AA7127C0052A551 /* kanjiList.json in Resources */,
			);
			runOnlyForDeploymentPostprocessing = 0;
		};
		06CEF2522866F1CB00A620CC /* Resources */ = {
			isa = PBXResourcesBuildPhase;
			buildActionMask = 2147483647;
			files = (
			);
			runOnlyForDeploymentPostprocessing = 0;
		};
		06CEF25C2866F1CB00A620CC /* Resources */ = {
			isa = PBXResourcesBuildPhase;
			buildActionMask = 2147483647;
			files = (
			);
			runOnlyForDeploymentPostprocessing = 0;
		};
		06CEF2732866F32700A620CC /* Resources */ = {
			isa = PBXResourcesBuildPhase;
			buildActionMask = 2147483647;
			files = (
			);
			runOnlyForDeploymentPostprocessing = 0;
		};
/* End PBXResourcesBuildPhase section */

/* Begin PBXSourcesBuildPhase section */
		06CEF23F2866F1C800A620CC /* Sources */ = {
			isa = PBXSourcesBuildPhase;
			buildActionMask = 2147483647;
			files = (
				5AA9097B2A83237B0075AFB9 /* ScheduleClient.swift in Sources */,
				061C9E812A19CF8200E099B5 /* StudySetPicker.swift in Sources */,
				06B2DA3E29EA6A0B009C67EF /* SettingSideBar.swift in Sources */,
				5AB308382ABBDEE0002EAC3E /* TutorialList.swift in Sources */,
				5A5FF632286AD79E000150A7 /* ImageCompressor.swift in Sources */,
				06C992EE2ACAAFD90062F9FB /* StudyKanjiSampleView.swift in Sources */,
				064BA4562AC3A50D00288749 /* AddUnit.swift in Sources */,
				5AAB886628D84DBB000B46CA /* TodaySelectionModal.swift in Sources */,
				06581AA12ACC0069007914A3 /* KanjiClient.swift in Sources */,
				06C992E72AC675F10062F9FB /* AllLists.swift in Sources */,
				06004E3B2AC5489700947F5D /* SelectList.swift in Sources */,
				5A735AF628D8071D00CADF9B /* TodayView.swift in Sources */,
				061D993C2ACE599D00C08E17 /* FlexBox.swift in Sources */,
				5A77B98D29EF8C6A00EA7B41 /* EditCell.swift in Sources */,
				06581AA72ACC433D007914A3 /* KanjiWikiService.swift in Sources */,
				061D99482ACE59DD00C08E17 /* OCRAddUnitView.swift in Sources */,
				06308A6229FE2E2B00BDEE2D /* EditableHuriganaText.swift in Sources */,
				06581A9F2ACBF7E2007914A3 /* StudyUnitClient.swift in Sources */,
				06BC608C29A09FC000AA67E6 /* ViewModifier.swift in Sources */,
				069941872A9A066B00B5D769 /* Array+Extension.swift in Sources */,
				06581AB42ACCFDAD007914A3 /* InputSetTitle.swift in Sources */,
				06004E2B2AC538B500947F5D /* KeyBoardDismissingBackground.swift in Sources */,
				5A67DC20286942FE00AC156C /* HomeView.swift in Sources */,
				069941852A99EFFC00B5D769 /* DeleteCell.swift in Sources */,
				5A67DC312869529700AC156C /* MacAppView.swift in Sources */,
				5A735AFF28D80EAE00CADF9B /* MainTabView.swift in Sources */,
				06004E372AC5488600947F5D /* EditList.swift in Sources */,
				5AC78AA02ABBEA3200E39A71 /* TutorialPageView.swift in Sources */,
				5A7B920129F10C0500ED3CAA /* SelectionCell.swift in Sources */,
				06581AB62ACCFDB6007914A3 /* InputSetTextField.swift in Sources */,
				5A8843C12A11BBB40027B408 /* KanjiList.swift in Sources */,
				06004E302AC5485800947F5D /* UnitsList.swift in Sources */,
				067840F629C595EF0019ABA8 /* PasteBoardService.swift in Sources */,
				06004E412AC55C5700947F5D /* StudyModals.swift in Sources */,
				064BA4482AC2CC0B00288749 /* MeaningInput.swift in Sources */,
				064BA4542AC39BA600288749 /* ButtonStyle.swift in Sources */,
				064BA44F2AC2D14200288749 /* InputFieldTextEditor.swift in Sources */,
				06004E392AC5488D00947F5D /* DeleteList.swift in Sources */,
				06E917572A071711002289B4 /* jwords.xcdatamodeld in Sources */,
				06E917542A07168F002289B4 /* StudySetClient.swift in Sources */,
				06581AB12ACCFD29007914A3 /* InputSet.swift in Sources */,
				5AE7A76D28D981D9005E12B6 /* Date+Extension.swift in Sources */,
				06581AA52ACC3E11007914A3 /* OCRService.swift in Sources */,
				06BC608A29A0928600AA67E6 /* View+Extension.swift in Sources */,
				064BA44D2AC2D00200288749 /* InputFieldTitle.swift in Sources */,
				061D994A2ACE59E900C08E17 /* OCRView.swift in Sources */,
				06581A9D2ACBF351007914A3 /* Inputs.swift in Sources */,
				5AC78AA32ABC0CA500E39A71 /* Tutorial.swift in Sources */,
				06CEAC552AB6BB96007783F6 /* BannerAdView.swift in Sources */,
				06004E442AC5A62400947F5D /* ToolbarItems.swift in Sources */,
				06581AA32ACC2FA0007914A3 /* KeyValueStoreService.swift in Sources */,
				061D993E2ACE59AA00C08E17 /* RectangleButton.swift in Sources */,
				06308A6829FE315800BDEE2D /* EditableHuriUnit.swift in Sources */,
				061D99422ACE59C600C08E17 /* CameraScanner.swift in Sources */,
				06D0B12D2ACAF2BB00169129 /* CoreDataService.swift in Sources */,
				0622727A29FCFC2600EEAD50 /* Character+Extension.swift in Sources */,
				0688A1D429B3345E0057B2DB /* String+Extension.swift in Sources */,
				5A7C6FD929FB6D1700DD84A4 /* PasteBoardClient.swift in Sources */,
				061D99462ACE59D400C08E17 /* GetImageForOCRView.swift in Sources */,
				06308A712A048EFD00BDEE2D /* StudyUnit.swift in Sources */,
				068D4CFC28B2189300F44F6E /* UnitMoveView.swift in Sources */,
				5A67DC27286944FF00AC156C /* Size.swift in Sources */,
				064BA4432AC2558700288749 /* InputUnit.swift in Sources */,
				5A8843C32A11BBDF0027B408 /* Kanji.swift in Sources */,
				060703EF2ACFFB510078489C /* UtilClient.swift in Sources */,
				5A653FEB2907C1C800E3466E /* TodaySchedule.swift in Sources */,
				061D99402ACE59BC00C08E17 /* OCRResultView.swift in Sources */,
				5A67DC2D2869470C00AC156C /* StudyCell.swift in Sources */,
				064BA4462AC256E400288749 /* KanjiInput.swift in Sources */,
				5A5C468828D98894000E212B /* Calendar+Extension.swift in Sources */,
				0622727829FCFAD700EEAD50 /* HuriganaConverter.swift in Sources */,
				5A8614D82A1C627300000653 /* CKImageService.swift in Sources */,
				061D99442ACE59CE00C08E17 /* ScanGuide.swift in Sources */,
				06308A5C29FE0D4700BDEE2D /* HuriganaText.swift in Sources */,
				06004E3F2AC555C800947F5D /* StudySetView.swift in Sources */,
				06C992F22ACABF4C0062F9FB /* InputImageType.swift in Sources */,
				06308A732A04902A00BDEE2D /* StudySet.swift in Sources */,
				06308A6629FE2ED500BDEE2D /* Huri.swift in Sources */,
				5A77B98F29EFA99000EA7B41 /* BaseCell.swift in Sources */,
				5A67DC23286943A900AC156C /* HomeCell.swift in Sources */,
				0690F8762AAC9EE200E5FF05 /* TodayStatusView.swift in Sources */,
				0690F8742AAC987300E5FF05 /* PercentageChart.swift in Sources */,
				5A8843C52A11CA630027B408 /* KanjiCell.swift in Sources */,
				06496B0B2AA311140061DCA9 /* OCRClient.swift in Sources */,
				064BA4582AC3B93C00288749 /* EditUnit.swift in Sources */,
				06581AAC2ACCFCF6007914A3 /* AddSet.swift in Sources */,
				5AE1DB1F28C5E46B006DB89C /* Error.swift in Sources */,
				06CEF2472866F1C800A620CC /* JWordsApp.swift in Sources */,
				06C992EC2AC9233D0062F9FB /* StudyUnitsView.swift in Sources */,
				06581AAE2ACCFCFD007914A3 /* EditSet.swift in Sources */,
			);
			runOnlyForDeploymentPostprocessing = 0;
		};
		06CEF2502866F1CB00A620CC /* Sources */ = {
			isa = PBXSourcesBuildPhase;
			buildActionMask = 2147483647;
			files = (
				060703FB2ADAC9EB0078489C /* AddUnitTest.swift in Sources */,
				0697715F28CF030D00569280 /* Random.swift in Sources */,
				061D99392ACD64EF00C08E17 /* HomeListTest.swift in Sources */,
				0641C1BA2ADB875800C6EA05 /* EditUnitTest.swift in Sources */,
				060703F92ADA8CE70078489C /* StudySet.swift in Sources */,
				060703F72ADA8CA40078489C /* StudyUnit.swift in Sources */,
				06581AA92ACCEEBD007914A3 /* MainTabTest.swift in Sources */,
				065FD2672ACE9FDE00A2ABCE /* TodayListTest.swift in Sources */,
				0641C1BC2ADB97FB00C6EA05 /* InputUnitTest.swift in Sources */,
			);
			runOnlyForDeploymentPostprocessing = 0;
		};
		06CEF25A2866F1CB00A620CC /* Sources */ = {
			isa = PBXSourcesBuildPhase;
			buildActionMask = 2147483647;
			files = (
				06CEF2632866F1CB00A620CC /* JWordsUITests.swift in Sources */,
				06CEF2652866F1CB00A620CC /* JWordsUITestsLaunchTests.swift in Sources */,
			);
			runOnlyForDeploymentPostprocessing = 0;
		};
		06CEF2712866F32700A620CC /* Sources */ = {
			isa = PBXSourcesBuildPhase;
			buildActionMask = 2147483647;
			files = (
				06CEF2782866F32700A620CC /* JWordsAcceptanceTests.swift in Sources */,
			);
			runOnlyForDeploymentPostprocessing = 0;
		};
/* End PBXSourcesBuildPhase section */

/* Begin PBXTargetDependency section */
		06CEF2562866F1CB00A620CC /* PBXTargetDependency */ = {
			isa = PBXTargetDependency;
			target = 06CEF2422866F1C800A620CC /* JWords */;
			targetProxy = 06CEF2552866F1CB00A620CC /* PBXContainerItemProxy */;
		};
		06CEF2602866F1CB00A620CC /* PBXTargetDependency */ = {
			isa = PBXTargetDependency;
			target = 06CEF2422866F1C800A620CC /* JWords */;
			targetProxy = 06CEF25F2866F1CB00A620CC /* PBXContainerItemProxy */;
		};
		06CEF27A2866F32700A620CC /* PBXTargetDependency */ = {
			isa = PBXTargetDependency;
			target = 06CEF2422866F1C800A620CC /* JWords */;
			targetProxy = 06CEF2792866F32700A620CC /* PBXContainerItemProxy */;
		};
/* End PBXTargetDependency section */

/* Begin XCBuildConfiguration section */
		06CEF2662866F1CB00A620CC /* Debug */ = {
			isa = XCBuildConfiguration;
			buildSettings = {
				ALLOW_TARGET_PLATFORM_SPECIALIZATION = YES;
				ALWAYS_SEARCH_USER_PATHS = NO;
				CLANG_ANALYZER_LOCALIZABILITY_NONLOCALIZED = YES;
				CLANG_ANALYZER_NONNULL = YES;
				CLANG_ANALYZER_NUMBER_OBJECT_CONVERSION = YES_AGGRESSIVE;
				CLANG_CXX_LANGUAGE_STANDARD = "gnu++17";
				CLANG_ENABLE_MODULES = YES;
				CLANG_ENABLE_OBJC_ARC = YES;
				CLANG_ENABLE_OBJC_WEAK = YES;
				CLANG_WARN_BLOCK_CAPTURE_AUTORELEASING = YES;
				CLANG_WARN_BOOL_CONVERSION = YES;
				CLANG_WARN_COMMA = YES;
				CLANG_WARN_CONSTANT_CONVERSION = YES;
				CLANG_WARN_DEPRECATED_OBJC_IMPLEMENTATIONS = YES;
				CLANG_WARN_DIRECT_OBJC_ISA_USAGE = YES_ERROR;
				CLANG_WARN_DOCUMENTATION_COMMENTS = YES;
				CLANG_WARN_EMPTY_BODY = YES;
				CLANG_WARN_ENUM_CONVERSION = YES;
				CLANG_WARN_INFINITE_RECURSION = YES;
				CLANG_WARN_INT_CONVERSION = YES;
				CLANG_WARN_NON_LITERAL_NULL_CONVERSION = YES;
				CLANG_WARN_OBJC_IMPLICIT_RETAIN_SELF = YES;
				CLANG_WARN_OBJC_LITERAL_CONVERSION = YES;
				CLANG_WARN_OBJC_ROOT_CLASS = YES_ERROR;
				CLANG_WARN_QUOTED_INCLUDE_IN_FRAMEWORK_HEADER = YES;
				CLANG_WARN_RANGE_LOOP_ANALYSIS = YES;
				CLANG_WARN_STRICT_PROTOTYPES = YES;
				CLANG_WARN_SUSPICIOUS_MOVE = YES;
				CLANG_WARN_UNGUARDED_AVAILABILITY = YES_AGGRESSIVE;
				CLANG_WARN_UNREACHABLE_CODE = YES;
				CLANG_WARN__DUPLICATE_METHOD_MATCH = YES;
				COPY_PHASE_STRIP = NO;
				DEBUG_INFORMATION_FORMAT = dwarf;
				ENABLE_STRICT_OBJC_MSGSEND = YES;
				ENABLE_TESTABILITY = YES;
				ENABLE_TESTING_SEARCH_PATHS = YES;
				GCC_C_LANGUAGE_STANDARD = gnu11;
				GCC_DYNAMIC_NO_PIC = NO;
				GCC_NO_COMMON_BLOCKS = YES;
				GCC_OPTIMIZATION_LEVEL = 0;
				GCC_PREPROCESSOR_DEFINITIONS = (
					"DEBUG=1",
					"$(inherited)",
				);
				GCC_WARN_64_TO_32_BIT_CONVERSION = YES;
				GCC_WARN_ABOUT_RETURN_TYPE = YES_ERROR;
				GCC_WARN_UNDECLARED_SELECTOR = YES;
				GCC_WARN_UNINITIALIZED_AUTOS = YES_AGGRESSIVE;
				GCC_WARN_UNUSED_FUNCTION = YES;
				GCC_WARN_UNUSED_VARIABLE = YES;
				IPHONEOS_DEPLOYMENT_TARGET = 15.5;
				MACOSX_DEPLOYMENT_TARGET = 12.3;
				MTL_ENABLE_DEBUG_INFO = INCLUDE_SOURCE;
				MTL_FAST_MATH = YES;
				ONLY_ACTIVE_ARCH = YES;
				SDKROOT = iphoneos;
				SWIFT_ACTIVE_COMPILATION_CONDITIONS = DEBUG;
				SWIFT_OPTIMIZATION_LEVEL = "-Onone";
			};
			name = Debug;
		};
		06CEF2672866F1CB00A620CC /* Release */ = {
			isa = XCBuildConfiguration;
			buildSettings = {
				ALLOW_TARGET_PLATFORM_SPECIALIZATION = YES;
				ALWAYS_SEARCH_USER_PATHS = NO;
				CLANG_ANALYZER_LOCALIZABILITY_NONLOCALIZED = YES;
				CLANG_ANALYZER_NONNULL = YES;
				CLANG_ANALYZER_NUMBER_OBJECT_CONVERSION = YES_AGGRESSIVE;
				CLANG_CXX_LANGUAGE_STANDARD = "gnu++17";
				CLANG_ENABLE_MODULES = YES;
				CLANG_ENABLE_OBJC_ARC = YES;
				CLANG_ENABLE_OBJC_WEAK = YES;
				CLANG_WARN_BLOCK_CAPTURE_AUTORELEASING = YES;
				CLANG_WARN_BOOL_CONVERSION = YES;
				CLANG_WARN_COMMA = YES;
				CLANG_WARN_CONSTANT_CONVERSION = YES;
				CLANG_WARN_DEPRECATED_OBJC_IMPLEMENTATIONS = YES;
				CLANG_WARN_DIRECT_OBJC_ISA_USAGE = YES_ERROR;
				CLANG_WARN_DOCUMENTATION_COMMENTS = YES;
				CLANG_WARN_EMPTY_BODY = YES;
				CLANG_WARN_ENUM_CONVERSION = YES;
				CLANG_WARN_INFINITE_RECURSION = YES;
				CLANG_WARN_INT_CONVERSION = YES;
				CLANG_WARN_NON_LITERAL_NULL_CONVERSION = YES;
				CLANG_WARN_OBJC_IMPLICIT_RETAIN_SELF = YES;
				CLANG_WARN_OBJC_LITERAL_CONVERSION = YES;
				CLANG_WARN_OBJC_ROOT_CLASS = YES_ERROR;
				CLANG_WARN_QUOTED_INCLUDE_IN_FRAMEWORK_HEADER = YES;
				CLANG_WARN_RANGE_LOOP_ANALYSIS = YES;
				CLANG_WARN_STRICT_PROTOTYPES = YES;
				CLANG_WARN_SUSPICIOUS_MOVE = YES;
				CLANG_WARN_UNGUARDED_AVAILABILITY = YES_AGGRESSIVE;
				CLANG_WARN_UNREACHABLE_CODE = YES;
				CLANG_WARN__DUPLICATE_METHOD_MATCH = YES;
				COPY_PHASE_STRIP = NO;
				DEBUG_INFORMATION_FORMAT = "dwarf-with-dsym";
				ENABLE_NS_ASSERTIONS = NO;
				ENABLE_STRICT_OBJC_MSGSEND = YES;
				ENABLE_TESTING_SEARCH_PATHS = YES;
				GCC_C_LANGUAGE_STANDARD = gnu11;
				GCC_NO_COMMON_BLOCKS = YES;
				GCC_WARN_64_TO_32_BIT_CONVERSION = YES;
				GCC_WARN_ABOUT_RETURN_TYPE = YES_ERROR;
				GCC_WARN_UNDECLARED_SELECTOR = YES;
				GCC_WARN_UNINITIALIZED_AUTOS = YES_AGGRESSIVE;
				GCC_WARN_UNUSED_FUNCTION = YES;
				GCC_WARN_UNUSED_VARIABLE = YES;
				IPHONEOS_DEPLOYMENT_TARGET = 15.5;
				MACOSX_DEPLOYMENT_TARGET = 12.3;
				MTL_ENABLE_DEBUG_INFO = NO;
				MTL_FAST_MATH = YES;
				ONLY_ACTIVE_ARCH = NO;
				SDKROOT = iphoneos;
				SWIFT_COMPILATION_MODE = wholemodule;
				SWIFT_OPTIMIZATION_LEVEL = "-O";
			};
			name = Release;
		};
		06CEF2692866F1CB00A620CC /* Debug */ = {
			isa = XCBuildConfiguration;
			buildSettings = {
				ALLOW_TARGET_PLATFORM_SPECIALIZATION = NO;
				ASSETCATALOG_COMPILER_APPICON_NAME = AppIcon;
				ASSETCATALOG_COMPILER_GLOBAL_ACCENT_COLOR_NAME = AccentColor;
				ASSETCATALOG_COMPILER_INCLUDE_ALL_APPICON_ASSETS = YES;
				CODE_SIGN_ENTITLEMENTS = JWords/JWords.entitlements;
				"CODE_SIGN_IDENTITY[sdk=macosx*]" = "Apple Development";
				CODE_SIGN_STYLE = Automatic;
				COMBINE_HIDPI_IMAGES = YES;
				CURRENT_PROJECT_VERSION = 35;
				DEVELOPMENT_ASSET_PATHS = "\"JWords/Preview Content\"";
				DEVELOPMENT_TEAM = ZX72355299;
				ENABLE_HARDENED_RUNTIME = YES;
				ENABLE_PREVIEWS = YES;
				GENERATE_INFOPLIST_FILE = YES;
				INFOPLIST_FILE = JWords/Info.plist;
				INFOPLIST_KEY_CFBundleDisplayName = "대단";
				INFOPLIST_KEY_LSApplicationCategoryType = "public.app-category.education";
				INFOPLIST_KEY_NSCameraUsageDescription = "단어를 스캔하기 위해서 카메라를 사용합니다.";
				INFOPLIST_KEY_NSHumanReadableCopyright = "";
				INFOPLIST_KEY_UILaunchStoryboardName = "no screen";
				INFOPLIST_KEY_UIRequiresFullScreen = YES;
				INFOPLIST_KEY_UIStatusBarStyle = UIStatusBarStyleLightContent;
				INFOPLIST_KEY_UISupportedInterfaceOrientations = UIInterfaceOrientationPortrait;
				INFOPLIST_KEY_UIUserInterfaceStyle = Light;
				IPHONEOS_DEPLOYMENT_TARGET = 16.0;
				LD_RUNPATH_SEARCH_PATHS = (
					"$(inherited)",
					"@executable_path/../Frameworks",
				);
				MACOSX_DEPLOYMENT_TARGET = 13.0;
				MARKETING_VERSION = 2.0.0;
				OTHER_LDFLAGS = "-ObjC";
				PRODUCT_BUNDLE_IDENTIFIER = JW.JWords;
				PRODUCT_NAME = "$(TARGET_NAME)";
				SUPPORTED_PLATFORMS = "iphoneos iphonesimulator";
				SUPPORTS_MACCATALYST = NO;
				SUPPORTS_MAC_DESIGNED_FOR_IPHONE_IPAD = NO;
				SWIFT_EMIT_LOC_STRINGS = YES;
				SWIFT_VERSION = 5.0;
				TARGETED_DEVICE_FAMILY = "1,2,6";
			};
			name = Debug;
		};
		06CEF26A2866F1CB00A620CC /* Release */ = {
			isa = XCBuildConfiguration;
			buildSettings = {
				ALLOW_TARGET_PLATFORM_SPECIALIZATION = NO;
				ASSETCATALOG_COMPILER_APPICON_NAME = AppIcon;
				ASSETCATALOG_COMPILER_GLOBAL_ACCENT_COLOR_NAME = AccentColor;
				ASSETCATALOG_COMPILER_INCLUDE_ALL_APPICON_ASSETS = YES;
				CODE_SIGN_ENTITLEMENTS = JWords/JWords.entitlements;
				"CODE_SIGN_IDENTITY[sdk=macosx*]" = "Apple Development";
				CODE_SIGN_STYLE = Automatic;
				COMBINE_HIDPI_IMAGES = YES;
				CURRENT_PROJECT_VERSION = 35;
				DEVELOPMENT_ASSET_PATHS = "\"JWords/Preview Content\"";
				DEVELOPMENT_TEAM = ZX72355299;
				ENABLE_HARDENED_RUNTIME = YES;
				ENABLE_PREVIEWS = YES;
				GENERATE_INFOPLIST_FILE = YES;
				INFOPLIST_FILE = JWords/Info.plist;
				INFOPLIST_KEY_CFBundleDisplayName = "대단";
				INFOPLIST_KEY_LSApplicationCategoryType = "public.app-category.education";
				INFOPLIST_KEY_NSCameraUsageDescription = "단어를 스캔하기 위해서 카메라를 사용합니다.";
				INFOPLIST_KEY_NSHumanReadableCopyright = "";
				INFOPLIST_KEY_UILaunchStoryboardName = "no screen";
				INFOPLIST_KEY_UIRequiresFullScreen = YES;
				INFOPLIST_KEY_UIStatusBarStyle = UIStatusBarStyleLightContent;
				INFOPLIST_KEY_UISupportedInterfaceOrientations = UIInterfaceOrientationPortrait;
				INFOPLIST_KEY_UIUserInterfaceStyle = Light;
				IPHONEOS_DEPLOYMENT_TARGET = 16.0;
				LD_RUNPATH_SEARCH_PATHS = (
					"$(inherited)",
					"@executable_path/../Frameworks",
				);
				MACOSX_DEPLOYMENT_TARGET = 13.0;
				MARKETING_VERSION = 2.0.0;
				OTHER_LDFLAGS = "-ObjC";
				PRODUCT_BUNDLE_IDENTIFIER = JW.JWords;
				PRODUCT_NAME = "$(TARGET_NAME)";
				SUPPORTED_PLATFORMS = "iphoneos iphonesimulator";
				SUPPORTS_MACCATALYST = NO;
				SUPPORTS_MAC_DESIGNED_FOR_IPHONE_IPAD = NO;
				SWIFT_EMIT_LOC_STRINGS = YES;
				SWIFT_VERSION = 5.0;
				TARGETED_DEVICE_FAMILY = "1,2,6";
			};
			name = Release;
		};
		06CEF26C2866F1CB00A620CC /* Debug */ = {
			isa = XCBuildConfiguration;
			buildSettings = {
				ALWAYS_EMBED_SWIFT_STANDARD_LIBRARIES = YES;
				ALWAYS_SEARCH_USER_PATHS = NO;
				BUNDLE_LOADER = "$(TEST_HOST)";
				CODE_SIGN_STYLE = Automatic;
				CURRENT_PROJECT_VERSION = 1;
				DEVELOPMENT_TEAM = ZX72355299;
				GENERATE_INFOPLIST_FILE = YES;
				IPHONEOS_DEPLOYMENT_TARGET = 16.0;
				MACOSX_DEPLOYMENT_TARGET = 12.3;
				MARKETING_VERSION = 1.0;
				PRODUCT_BUNDLE_IDENTIFIER = JW.JWordsTests;
				PRODUCT_NAME = "$(TARGET_NAME)";
				SUPPORTED_PLATFORMS = "iphoneos iphonesimulator macosx";
				SUPPORTS_MACCATALYST = NO;
				SUPPORTS_MAC_DESIGNED_FOR_IPHONE_IPAD = NO;
				SWIFT_EMIT_LOC_STRINGS = NO;
				SWIFT_VERSION = 5.0;
				TARGETED_DEVICE_FAMILY = 1;
				TEST_HOST = "$(BUILT_PRODUCTS_DIR)/JWords.app/$(BUNDLE_EXECUTABLE_FOLDER_PATH)/JWords";
			};
			name = Debug;
		};
		06CEF26D2866F1CB00A620CC /* Release */ = {
			isa = XCBuildConfiguration;
			buildSettings = {
				ALWAYS_EMBED_SWIFT_STANDARD_LIBRARIES = YES;
				ALWAYS_SEARCH_USER_PATHS = NO;
				BUNDLE_LOADER = "$(TEST_HOST)";
				CODE_SIGN_STYLE = Automatic;
				CURRENT_PROJECT_VERSION = 1;
				DEVELOPMENT_TEAM = ZX72355299;
				GENERATE_INFOPLIST_FILE = YES;
				IPHONEOS_DEPLOYMENT_TARGET = 16.0;
				MACOSX_DEPLOYMENT_TARGET = 12.3;
				MARKETING_VERSION = 1.0;
				PRODUCT_BUNDLE_IDENTIFIER = JW.JWordsTests;
				PRODUCT_NAME = "$(TARGET_NAME)";
				SUPPORTED_PLATFORMS = "iphoneos iphonesimulator macosx";
				SUPPORTS_MACCATALYST = NO;
				SUPPORTS_MAC_DESIGNED_FOR_IPHONE_IPAD = NO;
				SWIFT_EMIT_LOC_STRINGS = NO;
				SWIFT_VERSION = 5.0;
				TARGETED_DEVICE_FAMILY = 1;
				TEST_HOST = "$(BUILT_PRODUCTS_DIR)/JWords.app/$(BUNDLE_EXECUTABLE_FOLDER_PATH)/JWords";
			};
			name = Release;
		};
		06CEF26F2866F1CB00A620CC /* Debug */ = {
			isa = XCBuildConfiguration;
			buildSettings = {
				ALLOW_TARGET_PLATFORM_SPECIALIZATION = NO;
				ALWAYS_EMBED_SWIFT_STANDARD_LIBRARIES = YES;
				CODE_SIGN_STYLE = Automatic;
				CURRENT_PROJECT_VERSION = 1;
				DEVELOPMENT_TEAM = ZX72355299;
				GENERATE_INFOPLIST_FILE = YES;
				MARKETING_VERSION = 1.0;
				PRODUCT_BUNDLE_IDENTIFIER = JW.JWordsUITests;
				PRODUCT_NAME = "$(TARGET_NAME)";
				SWIFT_EMIT_LOC_STRINGS = NO;
				SWIFT_VERSION = 5.0;
				TARGETED_DEVICE_FAMILY = 1;
				TEST_TARGET_NAME = JWords;
			};
			name = Debug;
		};
		06CEF2702866F1CB00A620CC /* Release */ = {
			isa = XCBuildConfiguration;
			buildSettings = {
				ALLOW_TARGET_PLATFORM_SPECIALIZATION = NO;
				ALWAYS_EMBED_SWIFT_STANDARD_LIBRARIES = YES;
				CODE_SIGN_STYLE = Automatic;
				CURRENT_PROJECT_VERSION = 1;
				DEVELOPMENT_TEAM = ZX72355299;
				GENERATE_INFOPLIST_FILE = YES;
				MARKETING_VERSION = 1.0;
				PRODUCT_BUNDLE_IDENTIFIER = JW.JWordsUITests;
				PRODUCT_NAME = "$(TARGET_NAME)";
				SWIFT_EMIT_LOC_STRINGS = NO;
				SWIFT_VERSION = 5.0;
				TARGETED_DEVICE_FAMILY = 1;
				TEST_TARGET_NAME = JWords;
			};
			name = Release;
		};
		06CEF27B2866F32700A620CC /* Debug */ = {
			isa = XCBuildConfiguration;
			buildSettings = {
				BUNDLE_LOADER = "$(TEST_HOST)";
				CODE_SIGN_STYLE = Automatic;
				CURRENT_PROJECT_VERSION = 1;
				DEVELOPMENT_TEAM = ZX72355299;
				GENERATE_INFOPLIST_FILE = YES;
				MARKETING_VERSION = 1.0;
				PRODUCT_BUNDLE_IDENTIFIER = JW.JWordsAcceptanceTests;
				PRODUCT_NAME = "$(TARGET_NAME)";
				SWIFT_EMIT_LOC_STRINGS = NO;
				SWIFT_VERSION = 5.0;
				TEST_HOST = "$(BUILT_PRODUCTS_DIR)/JWords.app/JWords";
			};
			name = Debug;
		};
		06CEF27C2866F32700A620CC /* Release */ = {
			isa = XCBuildConfiguration;
			buildSettings = {
				BUNDLE_LOADER = "$(TEST_HOST)";
				CODE_SIGN_STYLE = Automatic;
				CURRENT_PROJECT_VERSION = 1;
				DEVELOPMENT_TEAM = ZX72355299;
				GENERATE_INFOPLIST_FILE = YES;
				MARKETING_VERSION = 1.0;
				PRODUCT_BUNDLE_IDENTIFIER = JW.JWordsAcceptanceTests;
				PRODUCT_NAME = "$(TARGET_NAME)";
				SWIFT_EMIT_LOC_STRINGS = NO;
				SWIFT_VERSION = 5.0;
				TEST_HOST = "$(BUILT_PRODUCTS_DIR)/JWords.app/JWords";
			};
			name = Release;
		};
/* End XCBuildConfiguration section */

/* Begin XCConfigurationList section */
		06CEF23E2866F1C800A620CC /* Build configuration list for PBXProject "JWords" */ = {
			isa = XCConfigurationList;
			buildConfigurations = (
				06CEF2662866F1CB00A620CC /* Debug */,
				06CEF2672866F1CB00A620CC /* Release */,
			);
			defaultConfigurationIsVisible = 0;
			defaultConfigurationName = Release;
		};
		06CEF2682866F1CB00A620CC /* Build configuration list for PBXNativeTarget "JWords" */ = {
			isa = XCConfigurationList;
			buildConfigurations = (
				06CEF2692866F1CB00A620CC /* Debug */,
				06CEF26A2866F1CB00A620CC /* Release */,
			);
			defaultConfigurationIsVisible = 0;
			defaultConfigurationName = Release;
		};
		06CEF26B2866F1CB00A620CC /* Build configuration list for PBXNativeTarget "JWordsUnitTests" */ = {
			isa = XCConfigurationList;
			buildConfigurations = (
				06CEF26C2866F1CB00A620CC /* Debug */,
				06CEF26D2866F1CB00A620CC /* Release */,
			);
			defaultConfigurationIsVisible = 0;
			defaultConfigurationName = Release;
		};
		06CEF26E2866F1CB00A620CC /* Build configuration list for PBXNativeTarget "JWordsUITests" */ = {
			isa = XCConfigurationList;
			buildConfigurations = (
				06CEF26F2866F1CB00A620CC /* Debug */,
				06CEF2702866F1CB00A620CC /* Release */,
			);
			defaultConfigurationIsVisible = 0;
			defaultConfigurationName = Release;
		};
		06CEF27D2866F32700A620CC /* Build configuration list for PBXNativeTarget "JWordsAcceptanceTests" */ = {
			isa = XCConfigurationList;
			buildConfigurations = (
				06CEF27B2866F32700A620CC /* Debug */,
				06CEF27C2866F32700A620CC /* Release */,
			);
			defaultConfigurationIsVisible = 0;
			defaultConfigurationName = Release;
		};
/* End XCConfigurationList section */

/* Begin XCRemoteSwiftPackageReference section */
		060703F02AD0E7CA0078489C /* XCRemoteSwiftPackageReference "swift-composable-architecture" */ = {
			isa = XCRemoteSwiftPackageReference;
			repositoryURL = "https://github.com/pointfreeco/swift-composable-architecture";
			requirement = {
				kind = upToNextMajorVersion;
				minimumVersion = 1.2.0;
			};
		};
		06CEAC502AB6B71B007783F6 /* XCRemoteSwiftPackageReference "swift-package-manager-google-mobile-ads" */ = {
			isa = XCRemoteSwiftPackageReference;
			repositoryURL = "https://github.com/googleads/swift-package-manager-google-mobile-ads";
			requirement = {
				kind = upToNextMajorVersion;
				minimumVersion = 10.0.0;
			};
		};
		5A5328C1286C126B0080D500 /* XCRemoteSwiftPackageReference "Kingfisher" */ = {
			isa = XCRemoteSwiftPackageReference;
			repositoryURL = "https://github.com/onevcat/Kingfisher";
			requirement = {
				kind = upToNextMajorVersion;
				minimumVersion = 7.0.0;
			};
		};
/* End XCRemoteSwiftPackageReference section */

/* Begin XCSwiftPackageProductDependency section */
		060703F12AD0E7CA0078489C /* ComposableArchitecture */ = {
			isa = XCSwiftPackageProductDependency;
			package = 060703F02AD0E7CA0078489C /* XCRemoteSwiftPackageReference "swift-composable-architecture" */;
			productName = ComposableArchitecture;
		};
		06CEAC512AB6B71B007783F6 /* GoogleMobileAds */ = {
			isa = XCSwiftPackageProductDependency;
			package = 06CEAC502AB6B71B007783F6 /* XCRemoteSwiftPackageReference "swift-package-manager-google-mobile-ads" */;
			productName = GoogleMobileAds;
		};
/* End XCSwiftPackageProductDependency section */

/* Begin XCVersionGroup section */
		06E917552A071711002289B4 /* jwords.xcdatamodeld */ = {
			isa = XCVersionGroup;
			children = (
				06E917562A071711002289B4 /* jwords.xcdatamodel */,
			);
			currentVersion = 06E917562A071711002289B4 /* jwords.xcdatamodel */;
			path = jwords.xcdatamodeld;
			sourceTree = "<group>";
			versionGroupType = wrapper.xcdatamodel;
		};
/* End XCVersionGroup section */
	};
	rootObject = 06CEF23B2866F1C800A620CC /* Project object */;
}
