// !$*UTF8*$!
{
	archiveVersion = 1;
	classes = {
	};
	objectVersion = 55;
	objects = {

/* Begin PBXBuildFile section */
		06CEF2472866F1C800A620CC /* JWordsApp.swift in Sources */ = {isa = PBXBuildFile; fileRef = 06CEF2462866F1C800A620CC /* JWordsApp.swift */; };
		06CEF2492866F1C800A620CC /* ContentView.swift in Sources */ = {isa = PBXBuildFile; fileRef = 06CEF2482866F1C800A620CC /* ContentView.swift */; };
		06CEF24B2866F1CB00A620CC /* Assets.xcassets in Resources */ = {isa = PBXBuildFile; fileRef = 06CEF24A2866F1CB00A620CC /* Assets.xcassets */; };
		06CEF24E2866F1CB00A620CC /* Preview Assets.xcassets in Resources */ = {isa = PBXBuildFile; fileRef = 06CEF24D2866F1CB00A620CC /* Preview Assets.xcassets */; };
		06CEF2592866F1CB00A620CC /* JWordsTests.swift in Sources */ = {isa = PBXBuildFile; fileRef = 06CEF2582866F1CB00A620CC /* JWordsTests.swift */; };
		06CEF2632866F1CB00A620CC /* JWordsUITests.swift in Sources */ = {isa = PBXBuildFile; fileRef = 06CEF2622866F1CB00A620CC /* JWordsUITests.swift */; };
		06CEF2652866F1CB00A620CC /* JWordsUITestsLaunchTests.swift in Sources */ = {isa = PBXBuildFile; fileRef = 06CEF2642866F1CB00A620CC /* JWordsUITestsLaunchTests.swift */; };
/* End PBXBuildFile section */

/* Begin PBXContainerItemProxy section */
		06CEF2552866F1CB00A620CC /* PBXContainerItemProxy */ = {
			isa = PBXContainerItemProxy;
			containerPortal = 06CEF23B2866F1C800A620CC /* Project object */;
			proxyType = 1;
			remoteGlobalIDString = 06CEF2422866F1C800A620CC;
			remoteInfo = JWords;
		};
		06CEF25F2866F1CB00A620CC /* PBXContainerItemProxy */ = {
			isa = PBXContainerItemProxy;
			containerPortal = 06CEF23B2866F1C800A620CC /* Project object */;
			proxyType = 1;
			remoteGlobalIDString = 06CEF2422866F1C800A620CC;
			remoteInfo = JWords;
		};
/* End PBXContainerItemProxy section */

/* Begin PBXFileReference section */
		06CEF2432866F1C800A620CC /* JWords.app */ = {isa = PBXFileReference; explicitFileType = wrapper.application; includeInIndex = 0; path = JWords.app; sourceTree = BUILT_PRODUCTS_DIR; };
		06CEF2462866F1C800A620CC /* JWordsApp.swift */ = {isa = PBXFileReference; lastKnownFileType = sourcecode.swift; path = JWordsApp.swift; sourceTree = "<group>"; };
		06CEF2482866F1C800A620CC /* ContentView.swift */ = {isa = PBXFileReference; lastKnownFileType = sourcecode.swift; path = ContentView.swift; sourceTree = "<group>"; };
		06CEF24A2866F1CB00A620CC /* Assets.xcassets */ = {isa = PBXFileReference; lastKnownFileType = folder.assetcatalog; path = Assets.xcassets; sourceTree = "<group>"; };
		06CEF24D2866F1CB00A620CC /* Preview Assets.xcassets */ = {isa = PBXFileReference; lastKnownFileType = folder.assetcatalog; path = "Preview Assets.xcassets"; sourceTree = "<group>"; };
		06CEF24F2866F1CB00A620CC /* JWords.entitlements */ = {isa = PBXFileReference; lastKnownFileType = text.plist.entitlements; path = JWords.entitlements; sourceTree = "<group>"; };
		06CEF2542866F1CB00A620CC /* JWordsTests.xctest */ = {isa = PBXFileReference; explicitFileType = wrapper.cfbundle; includeInIndex = 0; path = JWordsTests.xctest; sourceTree = BUILT_PRODUCTS_DIR; };
		06CEF2582866F1CB00A620CC /* JWordsTests.swift */ = {isa = PBXFileReference; lastKnownFileType = sourcecode.swift; path = JWordsTests.swift; sourceTree = "<group>"; };
		06CEF25E2866F1CB00A620CC /* JWordsUITests.xctest */ = {isa = PBXFileReference; explicitFileType = wrapper.cfbundle; includeInIndex = 0; path = JWordsUITests.xctest; sourceTree = BUILT_PRODUCTS_DIR; };
		06CEF2622866F1CB00A620CC /* JWordsUITests.swift */ = {isa = PBXFileReference; lastKnownFileType = sourcecode.swift; path = JWordsUITests.swift; sourceTree = "<group>"; };
		06CEF2642866F1CB00A620CC /* JWordsUITestsLaunchTests.swift */ = {isa = PBXFileReference; lastKnownFileType = sourcecode.swift; path = JWordsUITestsLaunchTests.swift; sourceTree = "<group>"; };
/* End PBXFileReference section */

/* Begin PBXFrameworksBuildPhase section */
		06CEF2402866F1C800A620CC /* Frameworks */ = {
			isa = PBXFrameworksBuildPhase;
			buildActionMask = 2147483647;
			files = (
			);
			runOnlyForDeploymentPostprocessing = 0;
		};
		06CEF2512866F1CB00A620CC /* Frameworks */ = {
			isa = PBXFrameworksBuildPhase;
			buildActionMask = 2147483647;
			files = (
			);
			runOnlyForDeploymentPostprocessing = 0;
		};
		06CEF25B2866F1CB00A620CC /* Frameworks */ = {
			isa = PBXFrameworksBuildPhase;
			buildActionMask = 2147483647;
			files = (
			);
			runOnlyForDeploymentPostprocessing = 0;
		};
/* End PBXFrameworksBuildPhase section */

/* Begin PBXGroup section */
		06CEF23A2866F1C800A620CC = {
			isa = PBXGroup;
			children = (
				06CEF2452866F1C800A620CC /* JWords */,
				06CEF2572866F1CB00A620CC /* JWordsTests */,
				06CEF2612866F1CB00A620CC /* JWordsUITests */,
				06CEF2442866F1C800A620CC /* Products */,
			);
			sourceTree = "<group>";
		};
		06CEF2442866F1C800A620CC /* Products */ = {
			isa = PBXGroup;
			children = (
				06CEF2432866F1C800A620CC /* JWords.app */,
				06CEF2542866F1CB00A620CC /* JWordsTests.xctest */,
				06CEF25E2866F1CB00A620CC /* JWordsUITests.xctest */,
			);
			name = Products;
			sourceTree = "<group>";
		};
		06CEF2452866F1C800A620CC /* JWords */ = {
			isa = PBXGroup;
			children = (
				06CEF2462866F1C800A620CC /* JWordsApp.swift */,
				06CEF2482866F1C800A620CC /* ContentView.swift */,
				06CEF24A2866F1CB00A620CC /* Assets.xcassets */,
				06CEF24F2866F1CB00A620CC /* JWords.entitlements */,
				06CEF24C2866F1CB00A620CC /* Preview Content */,
			);
			path = JWords;
			sourceTree = "<group>";
		};
		06CEF24C2866F1CB00A620CC /* Preview Content */ = {
			isa = PBXGroup;
			children = (
				06CEF24D2866F1CB00A620CC /* Preview Assets.xcassets */,
			);
			path = "Preview Content";
			sourceTree = "<group>";
		};
		06CEF2572866F1CB00A620CC /* JWordsTests */ = {
			isa = PBXGroup;
			children = (
				06CEF2582866F1CB00A620CC /* JWordsTests.swift */,
			);
			path = JWordsTests;
			sourceTree = "<group>";
		};
		06CEF2612866F1CB00A620CC /* JWordsUITests */ = {
			isa = PBXGroup;
			children = (
				06CEF2622866F1CB00A620CC /* JWordsUITests.swift */,
				06CEF2642866F1CB00A620CC /* JWordsUITestsLaunchTests.swift */,
			);
			path = JWordsUITests;
			sourceTree = "<group>";
		};
/* End PBXGroup section */

/* Begin PBXNativeTarget section */
		06CEF2422866F1C800A620CC /* JWords */ = {
			isa = PBXNativeTarget;
			buildConfigurationList = 06CEF2682866F1CB00A620CC /* Build configuration list for PBXNativeTarget "JWords" */;
			buildPhases = (
				06CEF23F2866F1C800A620CC /* Sources */,
				06CEF2402866F1C800A620CC /* Frameworks */,
				06CEF2412866F1C800A620CC /* Resources */,
			);
			buildRules = (
			);
			dependencies = (
			);
			name = JWords;
			productName = JWords;
			productReference = 06CEF2432866F1C800A620CC /* JWords.app */;
			productType = "com.apple.product-type.application";
		};
		06CEF2532866F1CB00A620CC /* JWordsTests */ = {
			isa = PBXNativeTarget;
			buildConfigurationList = 06CEF26B2866F1CB00A620CC /* Build configuration list for PBXNativeTarget "JWordsTests" */;
			buildPhases = (
				06CEF2502866F1CB00A620CC /* Sources */,
				06CEF2512866F1CB00A620CC /* Frameworks */,
				06CEF2522866F1CB00A620CC /* Resources */,
			);
			buildRules = (
			);
			dependencies = (
				06CEF2562866F1CB00A620CC /* PBXTargetDependency */,
			);
			name = JWordsTests;
			productName = JWordsTests;
			productReference = 06CEF2542866F1CB00A620CC /* JWordsTests.xctest */;
			productType = "com.apple.product-type.bundle.unit-test";
		};
		06CEF25D2866F1CB00A620CC /* JWordsUITests */ = {
			isa = PBXNativeTarget;
			buildConfigurationList = 06CEF26E2866F1CB00A620CC /* Build configuration list for PBXNativeTarget "JWordsUITests" */;
			buildPhases = (
				06CEF25A2866F1CB00A620CC /* Sources */,
				06CEF25B2866F1CB00A620CC /* Frameworks */,
				06CEF25C2866F1CB00A620CC /* Resources */,
			);
			buildRules = (
			);
			dependencies = (
				06CEF2602866F1CB00A620CC /* PBXTargetDependency */,
			);
			name = JWordsUITests;
			productName = JWordsUITests;
			productReference = 06CEF25E2866F1CB00A620CC /* JWordsUITests.xctest */;
			productType = "com.apple.product-type.bundle.ui-testing";
		};
/* End PBXNativeTarget section */

/* Begin PBXProject section */
		06CEF23B2866F1C800A620CC /* Project object */ = {
			isa = PBXProject;
			attributes = {
				BuildIndependentTargetsInParallel = 1;
				LastSwiftUpdateCheck = 1340;
				LastUpgradeCheck = 1340;
				TargetAttributes = {
					06CEF2422866F1C800A620CC = {
						CreatedOnToolsVersion = 13.4.1;
					};
					06CEF2532866F1CB00A620CC = {
						CreatedOnToolsVersion = 13.4.1;
						TestTargetID = 06CEF2422866F1C800A620CC;
					};
					06CEF25D2866F1CB00A620CC = {
						CreatedOnToolsVersion = 13.4.1;
						TestTargetID = 06CEF2422866F1C800A620CC;
					};
				};
			};
			buildConfigurationList = 06CEF23E2866F1C800A620CC /* Build configuration list for PBXProject "JWords" */;
			compatibilityVersion = "Xcode 13.0";
			developmentRegion = en;
			hasScannedForEncodings = 0;
			knownRegions = (
				en,
				Base,
			);
			mainGroup = 06CEF23A2866F1C800A620CC;
			productRefGroup = 06CEF2442866F1C800A620CC /* Products */;
			projectDirPath = "";
			projectRoot = "";
			targets = (
				06CEF2422866F1C800A620CC /* JWords */,
				06CEF2532866F1CB00A620CC /* JWordsTests */,
				06CEF25D2866F1CB00A620CC /* JWordsUITests */,
			);
		};
/* End PBXProject section */

/* Begin PBXResourcesBuildPhase section */
		06CEF2412866F1C800A620CC /* Resources */ = {
			isa = PBXResourcesBuildPhase;
			buildActionMask = 2147483647;
			files = (
				06CEF24E2866F1CB00A620CC /* Preview Assets.xcassets in Resources */,
				06CEF24B2866F1CB00A620CC /* Assets.xcassets in Resources */,
			);
			runOnlyForDeploymentPostprocessing = 0;
		};
		06CEF2522866F1CB00A620CC /* Resources */ = {
			isa = PBXResourcesBuildPhase;
			buildActionMask = 2147483647;
			files = (
			);
			runOnlyForDeploymentPostprocessing = 0;
		};
		06CEF25C2866F1CB00A620CC /* Resources */ = {
			isa = PBXResourcesBuildPhase;
			buildActionMask = 2147483647;
			files = (
			);
			runOnlyForDeploymentPostprocessing = 0;
		};
/* End PBXResourcesBuildPhase section */

/* Begin PBXSourcesBuildPhase section */
		06CEF23F2866F1C800A620CC /* Sources */ = {
			isa = PBXSourcesBuildPhase;
			buildActionMask = 2147483647;
			files = (
				06CEF2492866F1C800A620CC /* ContentView.swift in Sources */,
				06CEF2472866F1C800A620CC /* JWordsApp.swift in Sources */,
			);
			runOnlyForDeploymentPostprocessing = 0;
		};
		06CEF2502866F1CB00A620CC /* Sources */ = {
			isa = PBXSourcesBuildPhase;
			buildActionMask = 2147483647;
			files = (
				06CEF2592866F1CB00A620CC /* JWordsTests.swift in Sources */,
			);
			runOnlyForDeploymentPostprocessing = 0;
		};
		06CEF25A2866F1CB00A620CC /* Sources */ = {
			isa = PBXSourcesBuildPhase;
			buildActionMask = 2147483647;
			files = (
				06CEF2632866F1CB00A620CC /* JWordsUITests.swift in Sources */,
				06CEF2652866F1CB00A620CC /* JWordsUITestsLaunchTests.swift in Sources */,
			);
			runOnlyForDeploymentPostprocessing = 0;
		};
/* End PBXSourcesBuildPhase section */

/* Begin PBXTargetDependency section */
		06CEF2562866F1CB00A620CC /* PBXTargetDependency */ = {
			isa = PBXTargetDependency;
			target = 06CEF2422866F1C800A620CC /* JWords */;
			targetProxy = 06CEF2552866F1CB00A620CC /* PBXContainerItemProxy */;
		};
		06CEF2602866F1CB00A620CC /* PBXTargetDependency */ = {
			isa = PBXTargetDependency;
			target = 06CEF2422866F1C800A620CC /* JWords */;
			targetProxy = 06CEF25F2866F1CB00A620CC /* PBXContainerItemProxy */;
		};
/* End PBXTargetDependency section */

/* Begin XCBuildConfiguration section */
		06CEF2662866F1CB00A620CC /* Debug */ = {
			isa = XCBuildConfiguration;
			buildSettings = {
				ALWAYS_SEARCH_USER_PATHS = NO;
				CLANG_ANALYZER_NONNULL = YES;
				CLANG_ANALYZER_NUMBER_OBJECT_CONVERSION = YES_AGGRESSIVE;
				CLANG_CXX_LANGUAGE_STANDARD = "gnu++17";
				CLANG_ENABLE_MODULES = YES;
				CLANG_ENABLE_OBJC_ARC = YES;
				CLANG_ENABLE_OBJC_WEAK = YES;
				CLANG_WARN_BLOCK_CAPTURE_AUTORELEASING = YES;
				CLANG_WARN_BOOL_CONVERSION = YES;
				CLANG_WARN_COMMA = YES;
				CLANG_WARN_CONSTANT_CONVERSION = YES;
				CLANG_WARN_DEPRECATED_OBJC_IMPLEMENTATIONS = YES;
				CLANG_WARN_DIRECT_OBJC_ISA_USAGE = YES_ERROR;
				CLANG_WARN_DOCUMENTATION_COMMENTS = YES;
				CLANG_WARN_EMPTY_BODY = YES;
				CLANG_WARN_ENUM_CONVERSION = YES;
				CLANG_WARN_INFINITE_RECURSION = YES;
				CLANG_WARN_INT_CONVERSION = YES;
				CLANG_WARN_NON_LITERAL_NULL_CONVERSION = YES;
				CLANG_WARN_OBJC_IMPLICIT_RETAIN_SELF = YES;
				CLANG_WARN_OBJC_LITERAL_CONVERSION = YES;
				CLANG_WARN_OBJC_ROOT_CLASS = YES_ERROR;
				CLANG_WARN_QUOTED_INCLUDE_IN_FRAMEWORK_HEADER = YES;
				CLANG_WARN_RANGE_LOOP_ANALYSIS = YES;
				CLANG_WARN_STRICT_PROTOTYPES = YES;
				CLANG_WARN_SUSPICIOUS_MOVE = YES;
				CLANG_WARN_UNGUARDED_AVAILABILITY = YES_AGGRESSIVE;
				CLANG_WARN_UNREACHABLE_CODE = YES;
				CLANG_WARN__DUPLICATE_METHOD_MATCH = YES;
				COPY_PHASE_STRIP = NO;
				DEBUG_INFORMATION_FORMAT = dwarf;
				ENABLE_STRICT_OBJC_MSGSEND = YES;
				ENABLE_TESTABILITY = YES;
				GCC_C_LANGUAGE_STANDARD = gnu11;
				GCC_DYNAMIC_NO_PIC = NO;
				GCC_NO_COMMON_BLOCKS = YES;
				GCC_OPTIMIZATION_LEVEL = 0;
				GCC_PREPROCESSOR_DEFINITIONS = (
					"DEBUG=1",
					"$(inherited)",
				);
				GCC_WARN_64_TO_32_BIT_CONVERSION = YES;
				GCC_WARN_ABOUT_RETURN_TYPE = YES_ERROR;
				GCC_WARN_UNDECLARED_SELECTOR = YES;
				GCC_WARN_UNINITIALIZED_AUTOS = YES_AGGRESSIVE;
				GCC_WARN_UNUSED_FUNCTION = YES;
				GCC_WARN_UNUSED_VARIABLE = YES;
				MACOSX_DEPLOYMENT_TARGET = 12.3;
				MTL_ENABLE_DEBUG_INFO = INCLUDE_SOURCE;
				MTL_FAST_MATH = YES;
				ONLY_ACTIVE_ARCH = YES;
				SDKROOT = macosx;
				SWIFT_ACTIVE_COMPILATION_CONDITIONS = DEBUG;
				SWIFT_OPTIMIZATION_LEVEL = "-Onone";
			};
			name = Debug;
		};
		06CEF2672866F1CB00A620CC /* Release */ = {
			isa = XCBuildConfiguration;
			buildSettings = {
				ALWAYS_SEARCH_USER_PATHS = NO;
				CLANG_ANALYZER_NONNULL = YES;
				CLANG_ANALYZER_NUMBER_OBJECT_CONVERSION = YES_AGGRESSIVE;
				CLANG_CXX_LANGUAGE_STANDARD = "gnu++17";
				CLANG_ENABLE_MODULES = YES;
				CLANG_ENABLE_OBJC_ARC = YES;
				CLANG_ENABLE_OBJC_WEAK = YES;
				CLANG_WARN_BLOCK_CAPTURE_AUTORELEASING = YES;
				CLANG_WARN_BOOL_CONVERSION = YES;
				CLANG_WARN_COMMA = YES;
				CLANG_WARN_CONSTANT_CONVERSION = YES;
				CLANG_WARN_DEPRECATED_OBJC_IMPLEMENTATIONS = YES;
				CLANG_WARN_DIRECT_OBJC_ISA_USAGE = YES_ERROR;
				CLANG_WARN_DOCUMENTATION_COMMENTS = YES;
				CLANG_WARN_EMPTY_BODY = YES;
				CLANG_WARN_ENUM_CONVERSION = YES;
				CLANG_WARN_INFINITE_RECURSION = YES;
				CLANG_WARN_INT_CONVERSION = YES;
				CLANG_WARN_NON_LITERAL_NULL_CONVERSION = YES;
				CLANG_WARN_OBJC_IMPLICIT_RETAIN_SELF = YES;
				CLANG_WARN_OBJC_LITERAL_CONVERSION = YES;
				CLANG_WARN_OBJC_ROOT_CLASS = YES_ERROR;
				CLANG_WARN_QUOTED_INCLUDE_IN_FRAMEWORK_HEADER = YES;
				CLANG_WARN_RANGE_LOOP_ANALYSIS = YES;
				CLANG_WARN_STRICT_PROTOTYPES = YES;
				CLANG_WARN_SUSPICIOUS_MOVE = YES;
				CLANG_WARN_UNGUARDED_AVAILABILITY = YES_AGGRESSIVE;
				CLANG_WARN_UNREACHABLE_CODE = YES;
				CLANG_WARN__DUPLICATE_METHOD_MATCH = YES;
				COPY_PHASE_STRIP = NO;
				DEBUG_INFORMATION_FORMAT = "dwarf-with-dsym";
				ENABLE_NS_ASSERTIONS = NO;
				ENABLE_STRICT_OBJC_MSGSEND = YES;
				GCC_C_LANGUAGE_STANDARD = gnu11;
				GCC_NO_COMMON_BLOCKS = YES;
				GCC_WARN_64_TO_32_BIT_CONVERSION = YES;
				GCC_WARN_ABOUT_RETURN_TYPE = YES_ERROR;
				GCC_WARN_UNDECLARED_SELECTOR = YES;
				GCC_WARN_UNINITIALIZED_AUTOS = YES_AGGRESSIVE;
				GCC_WARN_UNUSED_FUNCTION = YES;
				GCC_WARN_UNUSED_VARIABLE = YES;
				MACOSX_DEPLOYMENT_TARGET = 12.3;
				MTL_ENABLE_DEBUG_INFO = NO;
				MTL_FAST_MATH = YES;
				SDKROOT = macosx;
				SWIFT_COMPILATION_MODE = wholemodule;
				SWIFT_OPTIMIZATION_LEVEL = "-O";
			};
			name = Release;
		};
		06CEF2692866F1CB00A620CC /* Debug */ = {
			isa = XCBuildConfiguration;
			buildSettings = {
				ASSETCATALOG_COMPILER_APPICON_NAME = AppIcon;
				ASSETCATALOG_COMPILER_GLOBAL_ACCENT_COLOR_NAME = AccentColor;
				CODE_SIGN_ENTITLEMENTS = JWords/JWords.entitlements;
				CODE_SIGN_STYLE = Automatic;
				COMBINE_HIDPI_IMAGES = YES;
				CURRENT_PROJECT_VERSION = 1;
				DEVELOPMENT_ASSET_PATHS = "\"JWords/Preview Content\"";
				DEVELOPMENT_TEAM = ZX72355299;
				ENABLE_HARDENED_RUNTIME = YES;
				ENABLE_PREVIEWS = YES;
				GENERATE_INFOPLIST_FILE = YES;
				INFOPLIST_KEY_NSHumanReadableCopyright = "";
				LD_RUNPATH_SEARCH_PATHS = (
					"$(inherited)",
					"@executable_path/../Frameworks",
				);
				MARKETING_VERSION = 1.0;
				PRODUCT_BUNDLE_IDENTIFIER = JW.JWords;
				PRODUCT_NAME = "$(TARGET_NAME)";
				SWIFT_EMIT_LOC_STRINGS = YES;
				SWIFT_VERSION = 5.0;
			};
			name = Debug;
		};
		06CEF26A2866F1CB00A620CC /* Release */ = {
			isa = XCBuildConfiguration;
			buildSettings = {
				ASSETCATALOG_COMPILER_APPICON_NAME = AppIcon;
				ASSETCATALOG_COMPILER_GLOBAL_ACCENT_COLOR_NAME = AccentColor;
				CODE_SIGN_ENTITLEMENTS = JWords/JWords.entitlements;
				CODE_SIGN_STYLE = Automatic;
				COMBINE_HIDPI_IMAGES = YES;
				CURRENT_PROJECT_VERSION = 1;
				DEVELOPMENT_ASSET_PATHS = "\"JWords/Preview Content\"";
				DEVELOPMENT_TEAM = ZX72355299;
				ENABLE_HARDENED_RUNTIME = YES;
				ENABLE_PREVIEWS = YES;
				GENERATE_INFOPLIST_FILE = YES;
				INFOPLIST_KEY_NSHumanReadableCopyright = "";
				LD_RUNPATH_SEARCH_PATHS = (
					"$(inherited)",
					"@executable_path/../Frameworks",
				);
				MARKETING_VERSION = 1.0;
				PRODUCT_BUNDLE_IDENTIFIER = JW.JWords;
				PRODUCT_NAME = "$(TARGET_NAME)";
				SWIFT_EMIT_LOC_STRINGS = YES;
				SWIFT_VERSION = 5.0;
			};
			name = Release;
		};
		06CEF26C2866F1CB00A620CC /* Debug */ = {
			isa = XCBuildConfiguration;
			buildSettings = {
				ALWAYS_EMBED_SWIFT_STANDARD_LIBRARIES = YES;
				BUNDLE_LOADER = "$(TEST_HOST)";
				CODE_SIGN_STYLE = Automatic;
				CURRENT_PROJECT_VERSION = 1;
				DEVELOPMENT_TEAM = ZX72355299;
				GENERATE_INFOPLIST_FILE = YES;
				MACOSX_DEPLOYMENT_TARGET = 12.3;
				MARKETING_VERSION = 1.0;
				PRODUCT_BUNDLE_IDENTIFIER = JW.JWordsTests;
				PRODUCT_NAME = "$(TARGET_NAME)";
				SWIFT_EMIT_LOC_STRINGS = NO;
				SWIFT_VERSION = 5.0;
				TEST_HOST = "$(BUILT_PRODUCTS_DIR)/JWords.app/Contents/MacOS/JWords";
			};
			name = Debug;
		};
		06CEF26D2866F1CB00A620CC /* Release */ = {
			isa = XCBuildConfiguration;
			buildSettings = {
				ALWAYS_EMBED_SWIFT_STANDARD_LIBRARIES = YES;
				BUNDLE_LOADER = "$(TEST_HOST)";
				CODE_SIGN_STYLE = Automatic;
				CURRENT_PROJECT_VERSION = 1;
				DEVELOPMENT_TEAM = ZX72355299;
				GENERATE_INFOPLIST_FILE = YES;
				MACOSX_DEPLOYMENT_TARGET = 12.3;
				MARKETING_VERSION = 1.0;
				PRODUCT_BUNDLE_IDENTIFIER = JW.JWordsTests;
				PRODUCT_NAME = "$(TARGET_NAME)";
				SWIFT_EMIT_LOC_STRINGS = NO;
				SWIFT_VERSION = 5.0;
				TEST_HOST = "$(BUILT_PRODUCTS_DIR)/JWords.app/Contents/MacOS/JWords";
			};
			name = Release;
		};
		06CEF26F2866F1CB00A620CC /* Debug */ = {
			isa = XCBuildConfiguration;
			buildSettings = {
				ALWAYS_EMBED_SWIFT_STANDARD_LIBRARIES = YES;
				CODE_SIGN_STYLE = Automatic;
				CURRENT_PROJECT_VERSION = 1;
				DEVELOPMENT_TEAM = ZX72355299;
				GENERATE_INFOPLIST_FILE = YES;
				MARKETING_VERSION = 1.0;
				PRODUCT_BUNDLE_IDENTIFIER = JW.JWordsUITests;
				PRODUCT_NAME = "$(TARGET_NAME)";
				SWIFT_EMIT_LOC_STRINGS = NO;
				SWIFT_VERSION = 5.0;
				TEST_TARGET_NAME = JWords;
			};
			name = Debug;
		};
		06CEF2702866F1CB00A620CC /* Release */ = {
			isa = XCBuildConfiguration;
			buildSettings = {
				ALWAYS_EMBED_SWIFT_STANDARD_LIBRARIES = YES;
				CODE_SIGN_STYLE = Automatic;
				CURRENT_PROJECT_VERSION = 1;
				DEVELOPMENT_TEAM = ZX72355299;
				GENERATE_INFOPLIST_FILE = YES;
				MARKETING_VERSION = 1.0;
				PRODUCT_BUNDLE_IDENTIFIER = JW.JWordsUITests;
				PRODUCT_NAME = "$(TARGET_NAME)";
				SWIFT_EMIT_LOC_STRINGS = NO;
				SWIFT_VERSION = 5.0;
				TEST_TARGET_NAME = JWords;
			};
			name = Release;
		};
/* End XCBuildConfiguration section */

/* Begin XCConfigurationList section */
		06CEF23E2866F1C800A620CC /* Build configuration list for PBXProject "JWords" */ = {
			isa = XCConfigurationList;
			buildConfigurations = (
				06CEF2662866F1CB00A620CC /* Debug */,
				06CEF2672866F1CB00A620CC /* Release */,
			);
			defaultConfigurationIsVisible = 0;
			defaultConfigurationName = Release;
		};
		06CEF2682866F1CB00A620CC /* Build configuration list for PBXNativeTarget "JWords" */ = {
			isa = XCConfigurationList;
			buildConfigurations = (
				06CEF2692866F1CB00A620CC /* Debug */,
				06CEF26A2866F1CB00A620CC /* Release */,
			);
			defaultConfigurationIsVisible = 0;
			defaultConfigurationName = Release;
		};
		06CEF26B2866F1CB00A620CC /* Build configuration list for PBXNativeTarget "JWordsTests" */ = {
			isa = XCConfigurationList;
			buildConfigurations = (
				06CEF26C2866F1CB00A620CC /* Debug */,
				06CEF26D2866F1CB00A620CC /* Release */,
			);
			defaultConfigurationIsVisible = 0;
			defaultConfigurationName = Release;
		};
		06CEF26E2866F1CB00A620CC /* Build configuration list for PBXNativeTarget "JWordsUITests" */ = {
			isa = XCConfigurationList;
			buildConfigurations = (
				06CEF26F2866F1CB00A620CC /* Debug */,
				06CEF2702866F1CB00A620CC /* Release */,
			);
			defaultConfigurationIsVisible = 0;
			defaultConfigurationName = Release;
		};
/* End XCConfigurationList section */
	};
	rootObject = 06CEF23B2866F1C800A620CC /* Project object */;
}
